
Microsoft Visual Studio Solution File, Format Version 12.00
# Visual Studio Version 17
VisualStudioVersion = 17.5.33627.172
MinimumVisualStudioVersion = 10.0.40219.1
Project("{8BC9CEB8-8B4A-11D0-8D11-00A0C91BC942}") = "2-Sample", "Chapter02\Sample\Sample.vcxproj", "{DEE31B70-3D13-4C7C-9705-31AE555A8211}"
EndProject
Project("{8BC9CEB8-8B4A-11D0-8D11-00A0C91BC942}") = "3-Beep", "Chapter03\Beep\Beep.vcxproj", "{DE978E75-8A81-4562-9CF0-F8EA09D1E74C}"
EndProject
Project("{8BC9CEB8-8B4A-11D0-8D11-00A0C91BC942}") = "4-Booster", "Chapter04\Booster\4-Booster.vcxproj", "{61C7149A-A434-451E-AF45-6E5611B82504}"
EndProject
Project("{8BC9CEB8-8B4A-11D0-8D11-00A0C91BC942}") = "5-Booster", "Chapter05\Booster\5-Booster.vcxproj", "{1DC4DDF2-73ED-4694-936D-A79E6F369C58}"
EndProject
Project("{8BC9CEB8-8B4A-11D0-8D11-00A0C91BC942}") = "4-Boost", "Chapter04\Boost\4-Boost.vcxproj", "{03B0E26C-30B5-47C0-B200-6002E9543B29}"
EndProject
Project("{8BC9CEB8-8B4A-11D0-8D11-00A0C91BC942}") = "5-Boost", "Chapter05\Boost\5-Boost.vcxproj", "{F5CBC452-32B6-4226-83F5-6B4A634C1516}"
EndProject
Project("{8BC9CEB8-8B4A-11D0-8D11-00A0C91BC942}") = "5-Booster2", "Chapter05\Booster2\5-Booster2.vcxproj", "{CCE48363-32FB-4E86-BE3F-0B8CA2E177C7}"
EndProject
Project("{8BC9CEB8-8B4A-11D0-8D11-00A0C91BC942}") = "14-Boost", "Chapter14\Boost\14-Boost.vcxproj", "{ABA04BF2-0C33-4677-8C9F-F7320CB35360}"
EndProject
Project("{8BC9CEB8-8B4A-11D0-8D11-00A0C91BC942}") = "14-Booster", "Chapter14\Booster\14-Booster.vcxproj", "{CE51D0EE-B1CF-4058-863A-63895B700BC5}"
EndProject
Project("{8BC9CEB8-8B4A-11D0-8D11-00A0C91BC942}") = "14-Booster2", "Chapter14\Booster2\14-Booster2.vcxproj", "{FBCE4CF6-9B65-43CF-B1E7-D64443E3E34D}"
EndProject
Project("{8BC9CEB8-8B4A-11D0-8D11-00A0C91BC942}") = "7-Zero", "Chapter07\Zero\7-Zero.vcxproj", "{B2F45AE7-7A83-4B17-A89A-F695E75EA73F}"
EndProject
Project("{8BC9CEB8-8B4A-11D0-8D11-00A0C91BC942}") = "8-EnumProc", "Chapter08\EnumProc\8-EnumProc.vcxproj", "{D3918509-9EE1-4453-B2AB-A20E2387B02D}"
EndProject
Project("{8BC9CEB8-8B4A-11D0-8D11-00A0C91BC942}") = "8-KMelody", "Chapter08\KMelody\8-KMelody.vcxproj", "{7CCADA19-0509-4844-B37B-E0E5B7620F80}"
EndProject
Project("{8BC9CEB8-8B4A-11D0-8D11-00A0C91BC942}") = "8-Melody", "Chapter08\Melody\8-Melody.vcxproj", "{B3781057-60E1-466E-B863-505C004D9271}"
EndProject
Project("{8BC9CEB8-8B4A-11D0-8D11-00A0C91BC942}") = "8-Multi", "Chapter08\Multi\8-Multi.vcxproj", "{1BD574E8-ED12-4647-AF51-2079D4A1614E}"
EndProject
Project("{8BC9CEB8-8B4A-11D0-8D11-00A0C91BC942}") = "9-Detector", "Chapter09\Detector\9-Detector.vcxproj", "{975CDD01-EE36-4CA5-8F91-0EAB60AD117D}"
EndProject
Project("{8BC9CEB8-8B4A-11D0-8D11-00A0C91BC942}") = "9-KDetector", "Chapter09\KDetector\9-KDetector.vcxproj", "{2216DBDB-219E-4B41-8EDA-12FBB8519A6A}"
EndProject
Project("{8BC9CEB8-8B4A-11D0-8D11-00A0C91BC942}") = "9-SysMon", "Chapter09\SysMon\9-SysMon.vcxproj", "{898CA532-333B-4D23-9581-BD99E6C9545C}"
EndProject
Project("{8BC9CEB8-8B4A-11D0-8D11-00A0C91BC942}") = "9-SysMonClient", "Chapter09\SysMonClient\9-SysMonClient.vcxproj", "{247AC5B9-78D1-48B5-967A-5CB5139511E1}"
EndProject
Project("{8BC9CEB8-8B4A-11D0-8D11-00A0C91BC942}") = "10-KProtect", "Chapter10\KProtect\10-KProtect.vcxproj", "{A55BA92D-B16B-4815-BE40-065B652E8990}"
EndProject
Project("{8BC9CEB8-8B4A-11D0-8D11-00A0C91BC942}") = "10-Protect", "Chapter10\Protect\10-Protect.vcxproj", "{0D88FABA-4176-438B-9A51-CED44DC75444}"
EndProject
Project("{8BC9CEB8-8B4A-11D0-8D11-00A0C91BC942}") = "10-SysMon", "Chapter10\SysMon\10-SysMon.vcxproj", "{41A4869B-8A7F-429D-8BFC-D2BB5FD76618}"
EndProject
Project("{8BC9CEB8-8B4A-11D0-8D11-00A0C91BC942}") = "11-Callbacks", "Chapter11\Callbacks\11-Callbacks.vcxproj", "{92306564-B95A-4EF1-AC95-2D77EBA13E5D}"
EndProject
Project("{8BC9CEB8-8B4A-11D0-8D11-00A0C91BC942}") = "11-Tables", "Chapter11\Tables\11-Tables.vcxproj", "{9B3B6204-A75D-4511-88F4-1BFC49FCBFBB}"
EndProject
Project("{8BC9CEB8-8B4A-11D0-8D11-00A0C91BC942}") = "11-TablesTest", "Chapter11\TablesTest\11-TablesTest.vcxproj", "{13E1C9C0-AACA-4F19-A4F2-5D54F120EA5A}"
EndProject
Project("{8BC9CEB8-8B4A-11D0-8D11-00A0C91BC942}") = "11-Timers", "Chapter11\Timers\11-Timers.vcxproj", "{9DAD5ADD-D206-429B-8087-94034C423A39}"
EndProject
Project("{8BC9CEB8-8B4A-11D0-8D11-00A0C91BC942}") = "11-TimersTest", "Chapter11\TimersTest\11-TimersTest.vcxproj", "{AE7286D3-776B-43AE-B204-2F70985334D3}"
EndProject
Project("{8BC9CEB8-8B4A-11D0-8D11-00A0C91BC942}") = "12-DelProtect", "Chapter12\DelProtect\12-DelProtect.vcxproj", "{1FB7760A-800A-480D-9942-5C214F4C21EC}"
EndProject
Project("{8BC9CEB8-8B4A-11D0-8D11-00A0C91BC942}") = "12-DelTest", "Chapter12\DelTest\12-DelTest.vcxproj", "{D3023914-420C-43A0-B4DE-0D3FBA3209CE}"
EndProject
Project("{8BC9CEB8-8B4A-11D0-8D11-00A0C91BC942}") = "12-Hide", "Chapter12\Hide\12-Hide.vcxproj", "{F7F84BC3-989E-4373-B0D7-2267A20E7731}"
EndProject
Project("{8BC9CEB8-8B4A-11D0-8D11-00A0C91BC942}") = "12-KBackup", "Chapter12\KBackup\12-KBackup.vcxproj", "{08D17B7C-4FB9-4E2E-89AD-269FA194AB78}"
EndProject
Project("{8BC9CEB8-8B4A-11D0-8D11-00A0C91BC942}") = "12-KBackup2", "Chapter12\KBackup2\12-KBackup2.vcxproj", "{5F4B1BD4-C31B-44FC-9DB5-36C9AEED9AFF}"
EndProject
Project("{8BC9CEB8-8B4A-11D0-8D11-00A0C91BC942}") = "12-KDelProtect", "Chapter12\KDelprotect\12-kdelprotect.vcxproj", "{025E9E9C-F0DF-4F40-B189-840E8F943862}"
EndProject
Project("{8BC9CEB8-8B4A-11D0-8D11-00A0C91BC942}") = "12-KHide", "Chapter12\KHide\12-KHide.vcxproj", "{4F14FDE3-0303-48F3-810A-273EE411CF49}"
EndProject
Project("{8BC9CEB8-8B4A-11D0-8D11-00A0C91BC942}") = "12-Restore", "Chapter12\Restore\12-Restore.vcxproj", "{72D06DC8-73CB-48C1-9E8F-D2A3A5FD470F}"
EndProject
Project("{8BC9CEB8-8B4A-11D0-8D11-00A0C91BC942}") = "12-Streams", "Chapter12\Streams\12-Streams.vcxproj", "{00B8E25B-DD2A-4EDE-A407-79CDB488CAC8}"
EndProject
Project("{8BC9CEB8-8B4A-11D0-8D11-00A0C91BC942}") = "13-BlockProcess", "Chapter13\BlockProcess\13-BlockProcess.vcxproj", "{E945CF39-2E2B-4485-9CD4-4E44A5FDE50F}"
EndProject
Project("{8BC9CEB8-8B4A-11D0-8D11-00A0C91BC942}") = "13-ProcessNetFilter", "Chapter13\ProcessNetFilter\13-ProcessNetFilter.vcxproj", "{0BBEEF9C-791B-405A-B00D-20DD625C6978}"
EndProject
Project("{8BC9CEB8-8B4A-11D0-8D11-00A0C91BC942}") = "13-wfpfilters", "Chapter13\wfpfilters\13-wfpfilters.vcxproj", "{2DCD93F7-1276-4176-9F44-337052B64F6E}"
EndProject
Project("{8BC9CEB8-8B4A-11D0-8D11-00A0C91BC942}") = "15-DevMon", "Chapter15\DevMon\15-DevMon.vcxproj", "{57511441-170A-4D90-8130-4ABD32FC9838}"
EndProject
Project("{8BC9CEB8-8B4A-11D0-8D11-00A0C91BC942}") = "15-KDevMon", "Chapter15\KDevMon\15-KDevMon.vcxproj", "{CE86AA63-7BB1-42C3-9863-012FC1E84D36}"
EndProject
Global
	GlobalSection(SolutionConfigurationPlatforms) = preSolution
		Debug|ARM = Debug|ARM
		Debug|ARM64 = Debug|ARM64
		Debug|x64 = Debug|x64
		Debug|x86 = Debug|x86
		Release|ARM = Release|ARM
		Release|ARM64 = Release|ARM64
		Release|x64 = Release|x64
		Release|x86 = Release|x86
	EndGlobalSection
	GlobalSection(ProjectConfigurationPlatforms) = postSolution
		{DEE31B70-3D13-4C7C-9705-31AE555A8211}.Debug|ARM.ActiveCfg = Debug|ARM
		{DEE31B70-3D13-4C7C-9705-31AE555A8211}.Debug|ARM.Build.0 = Debug|ARM
		{DEE31B70-3D13-4C7C-9705-31AE555A8211}.Debug|ARM.Deploy.0 = Debug|ARM
		{DEE31B70-3D13-4C7C-9705-31AE555A8211}.Debug|ARM64.ActiveCfg = Debug|ARM64
		{DEE31B70-3D13-4C7C-9705-31AE555A8211}.Debug|ARM64.Build.0 = Debug|ARM64
		{DEE31B70-3D13-4C7C-9705-31AE555A8211}.Debug|ARM64.Deploy.0 = Debug|ARM64
		{DEE31B70-3D13-4C7C-9705-31AE555A8211}.Debug|x64.ActiveCfg = Debug|x64
		{DEE31B70-3D13-4C7C-9705-31AE555A8211}.Debug|x64.Build.0 = Debug|x64
		{DEE31B70-3D13-4C7C-9705-31AE555A8211}.Debug|x64.Deploy.0 = Debug|x64
		{DEE31B70-3D13-4C7C-9705-31AE555A8211}.Debug|x86.ActiveCfg = Debug|Win32
		{DEE31B70-3D13-4C7C-9705-31AE555A8211}.Debug|x86.Build.0 = Debug|Win32
		{DEE31B70-3D13-4C7C-9705-31AE555A8211}.Debug|x86.Deploy.0 = Debug|Win32
		{DEE31B70-3D13-4C7C-9705-31AE555A8211}.Release|ARM.ActiveCfg = Release|ARM
		{DEE31B70-3D13-4C7C-9705-31AE555A8211}.Release|ARM.Build.0 = Release|ARM
		{DEE31B70-3D13-4C7C-9705-31AE555A8211}.Release|ARM.Deploy.0 = Release|ARM
		{DEE31B70-3D13-4C7C-9705-31AE555A8211}.Release|ARM64.ActiveCfg = Release|ARM64
		{DEE31B70-3D13-4C7C-9705-31AE555A8211}.Release|ARM64.Build.0 = Release|ARM64
		{DEE31B70-3D13-4C7C-9705-31AE555A8211}.Release|ARM64.Deploy.0 = Release|ARM64
		{DEE31B70-3D13-4C7C-9705-31AE555A8211}.Release|x64.ActiveCfg = Release|x64
		{DEE31B70-3D13-4C7C-9705-31AE555A8211}.Release|x64.Build.0 = Release|x64
		{DEE31B70-3D13-4C7C-9705-31AE555A8211}.Release|x64.Deploy.0 = Release|x64
		{DEE31B70-3D13-4C7C-9705-31AE555A8211}.Release|x86.ActiveCfg = Release|Win32
		{DEE31B70-3D13-4C7C-9705-31AE555A8211}.Release|x86.Build.0 = Release|Win32
		{DEE31B70-3D13-4C7C-9705-31AE555A8211}.Release|x86.Deploy.0 = Release|Win32
		{DE978E75-8A81-4562-9CF0-F8EA09D1E74C}.Debug|ARM.ActiveCfg = Debug|x64
		{DE978E75-8A81-4562-9CF0-F8EA09D1E74C}.Debug|ARM.Build.0 = Debug|x64
		{DE978E75-8A81-4562-9CF0-F8EA09D1E74C}.Debug|ARM64.ActiveCfg = Debug|x64
		{DE978E75-8A81-4562-9CF0-F8EA09D1E74C}.Debug|ARM64.Build.0 = Debug|x64
		{DE978E75-8A81-4562-9CF0-F8EA09D1E74C}.Debug|x64.ActiveCfg = Debug|x64
		{DE978E75-8A81-4562-9CF0-F8EA09D1E74C}.Debug|x64.Build.0 = Debug|x64
		{DE978E75-8A81-4562-9CF0-F8EA09D1E74C}.Debug|x86.ActiveCfg = Debug|Win32
		{DE978E75-8A81-4562-9CF0-F8EA09D1E74C}.Debug|x86.Build.0 = Debug|Win32
		{DE978E75-8A81-4562-9CF0-F8EA09D1E74C}.Release|ARM.ActiveCfg = Release|x64
		{DE978E75-8A81-4562-9CF0-F8EA09D1E74C}.Release|ARM.Build.0 = Release|x64
		{DE978E75-8A81-4562-9CF0-F8EA09D1E74C}.Release|ARM64.ActiveCfg = Release|x64
		{DE978E75-8A81-4562-9CF0-F8EA09D1E74C}.Release|ARM64.Build.0 = Release|x64
		{DE978E75-8A81-4562-9CF0-F8EA09D1E74C}.Release|x64.ActiveCfg = Release|x64
		{DE978E75-8A81-4562-9CF0-F8EA09D1E74C}.Release|x64.Build.0 = Release|x64
		{DE978E75-8A81-4562-9CF0-F8EA09D1E74C}.Release|x86.ActiveCfg = Release|Win32
		{DE978E75-8A81-4562-9CF0-F8EA09D1E74C}.Release|x86.Build.0 = Release|Win32
		{61C7149A-A434-451E-AF45-6E5611B82504}.Debug|ARM.ActiveCfg = Debug|ARM
		{61C7149A-A434-451E-AF45-6E5611B82504}.Debug|ARM.Build.0 = Debug|ARM
		{61C7149A-A434-451E-AF45-6E5611B82504}.Debug|ARM.Deploy.0 = Debug|ARM
		{61C7149A-A434-451E-AF45-6E5611B82504}.Debug|ARM64.ActiveCfg = Debug|ARM64
		{61C7149A-A434-451E-AF45-6E5611B82504}.Debug|ARM64.Build.0 = Debug|ARM64
		{61C7149A-A434-451E-AF45-6E5611B82504}.Debug|ARM64.Deploy.0 = Debug|ARM64
		{61C7149A-A434-451E-AF45-6E5611B82504}.Debug|x64.ActiveCfg = Debug|x64
		{61C7149A-A434-451E-AF45-6E5611B82504}.Debug|x64.Build.0 = Debug|x64
		{61C7149A-A434-451E-AF45-6E5611B82504}.Debug|x64.Deploy.0 = Debug|x64
		{61C7149A-A434-451E-AF45-6E5611B82504}.Debug|x86.ActiveCfg = Debug|Win32
		{61C7149A-A434-451E-AF45-6E5611B82504}.Debug|x86.Build.0 = Debug|Win32
		{61C7149A-A434-451E-AF45-6E5611B82504}.Debug|x86.Deploy.0 = Debug|Win32
		{61C7149A-A434-451E-AF45-6E5611B82504}.Release|ARM.ActiveCfg = Release|ARM
		{61C7149A-A434-451E-AF45-6E5611B82504}.Release|ARM.Build.0 = Release|ARM
		{61C7149A-A434-451E-AF45-6E5611B82504}.Release|ARM.Deploy.0 = Release|ARM
		{61C7149A-A434-451E-AF45-6E5611B82504}.Release|ARM64.ActiveCfg = Release|ARM64
		{61C7149A-A434-451E-AF45-6E5611B82504}.Release|ARM64.Build.0 = Release|ARM64
		{61C7149A-A434-451E-AF45-6E5611B82504}.Release|ARM64.Deploy.0 = Release|ARM64
		{61C7149A-A434-451E-AF45-6E5611B82504}.Release|x64.ActiveCfg = Release|x64
		{61C7149A-A434-451E-AF45-6E5611B82504}.Release|x64.Build.0 = Release|x64
		{61C7149A-A434-451E-AF45-6E5611B82504}.Release|x64.Deploy.0 = Release|x64
		{61C7149A-A434-451E-AF45-6E5611B82504}.Release|x86.ActiveCfg = Release|Win32
		{61C7149A-A434-451E-AF45-6E5611B82504}.Release|x86.Build.0 = Release|Win32
		{61C7149A-A434-451E-AF45-6E5611B82504}.Release|x86.Deploy.0 = Release|Win32
		{1DC4DDF2-73ED-4694-936D-A79E6F369C58}.Debug|ARM.ActiveCfg = Debug|ARM
		{1DC4DDF2-73ED-4694-936D-A79E6F369C58}.Debug|ARM.Build.0 = Debug|ARM
		{1DC4DDF2-73ED-4694-936D-A79E6F369C58}.Debug|ARM.Deploy.0 = Debug|ARM
		{1DC4DDF2-73ED-4694-936D-A79E6F369C58}.Debug|ARM64.ActiveCfg = Debug|ARM64
		{1DC4DDF2-73ED-4694-936D-A79E6F369C58}.Debug|ARM64.Build.0 = Debug|ARM64
		{1DC4DDF2-73ED-4694-936D-A79E6F369C58}.Debug|ARM64.Deploy.0 = Debug|ARM64
		{1DC4DDF2-73ED-4694-936D-A79E6F369C58}.Debug|x64.ActiveCfg = Debug|x64
		{1DC4DDF2-73ED-4694-936D-A79E6F369C58}.Debug|x64.Build.0 = Debug|x64
		{1DC4DDF2-73ED-4694-936D-A79E6F369C58}.Debug|x64.Deploy.0 = Debug|x64
		{1DC4DDF2-73ED-4694-936D-A79E6F369C58}.Debug|x86.ActiveCfg = Debug|Win32
		{1DC4DDF2-73ED-4694-936D-A79E6F369C58}.Debug|x86.Build.0 = Debug|Win32
		{1DC4DDF2-73ED-4694-936D-A79E6F369C58}.Debug|x86.Deploy.0 = Debug|Win32
		{1DC4DDF2-73ED-4694-936D-A79E6F369C58}.Release|ARM.ActiveCfg = Release|ARM
		{1DC4DDF2-73ED-4694-936D-A79E6F369C58}.Release|ARM.Build.0 = Release|ARM
		{1DC4DDF2-73ED-4694-936D-A79E6F369C58}.Release|ARM.Deploy.0 = Release|ARM
		{1DC4DDF2-73ED-4694-936D-A79E6F369C58}.Release|ARM64.ActiveCfg = Release|ARM64
		{1DC4DDF2-73ED-4694-936D-A79E6F369C58}.Release|ARM64.Build.0 = Release|ARM64
		{1DC4DDF2-73ED-4694-936D-A79E6F369C58}.Release|ARM64.Deploy.0 = Release|ARM64
		{1DC4DDF2-73ED-4694-936D-A79E6F369C58}.Release|x64.ActiveCfg = Release|x64
		{1DC4DDF2-73ED-4694-936D-A79E6F369C58}.Release|x64.Build.0 = Release|x64
		{1DC4DDF2-73ED-4694-936D-A79E6F369C58}.Release|x64.Deploy.0 = Release|x64
		{1DC4DDF2-73ED-4694-936D-A79E6F369C58}.Release|x86.ActiveCfg = Release|Win32
		{1DC4DDF2-73ED-4694-936D-A79E6F369C58}.Release|x86.Build.0 = Release|Win32
		{1DC4DDF2-73ED-4694-936D-A79E6F369C58}.Release|x86.Deploy.0 = Release|Win32
		{03B0E26C-30B5-47C0-B200-6002E9543B29}.Debug|ARM.ActiveCfg = Debug|x64
		{03B0E26C-30B5-47C0-B200-6002E9543B29}.Debug|ARM.Build.0 = Debug|x64
		{03B0E26C-30B5-47C0-B200-6002E9543B29}.Debug|ARM64.ActiveCfg = Debug|x64
		{03B0E26C-30B5-47C0-B200-6002E9543B29}.Debug|ARM64.Build.0 = Debug|x64
		{03B0E26C-30B5-47C0-B200-6002E9543B29}.Debug|x64.ActiveCfg = Debug|x64
		{03B0E26C-30B5-47C0-B200-6002E9543B29}.Debug|x64.Build.0 = Debug|x64
		{03B0E26C-30B5-47C0-B200-6002E9543B29}.Debug|x86.ActiveCfg = Debug|Win32
		{03B0E26C-30B5-47C0-B200-6002E9543B29}.Debug|x86.Build.0 = Debug|Win32
		{03B0E26C-30B5-47C0-B200-6002E9543B29}.Release|ARM.ActiveCfg = Release|x64
		{03B0E26C-30B5-47C0-B200-6002E9543B29}.Release|ARM.Build.0 = Release|x64
		{03B0E26C-30B5-47C0-B200-6002E9543B29}.Release|ARM64.ActiveCfg = Release|x64
		{03B0E26C-30B5-47C0-B200-6002E9543B29}.Release|ARM64.Build.0 = Release|x64
		{03B0E26C-30B5-47C0-B200-6002E9543B29}.Release|x64.ActiveCfg = Release|x64
		{03B0E26C-30B5-47C0-B200-6002E9543B29}.Release|x64.Build.0 = Release|x64
		{03B0E26C-30B5-47C0-B200-6002E9543B29}.Release|x86.ActiveCfg = Release|Win32
		{03B0E26C-30B5-47C0-B200-6002E9543B29}.Release|x86.Build.0 = Release|Win32
		{F5CBC452-32B6-4226-83F5-6B4A634C1516}.Debug|ARM.ActiveCfg = Debug|x64
		{F5CBC452-32B6-4226-83F5-6B4A634C1516}.Debug|ARM.Build.0 = Debug|x64
		{F5CBC452-32B6-4226-83F5-6B4A634C1516}.Debug|ARM64.ActiveCfg = Debug|x64
		{F5CBC452-32B6-4226-83F5-6B4A634C1516}.Debug|ARM64.Build.0 = Debug|x64
		{F5CBC452-32B6-4226-83F5-6B4A634C1516}.Debug|x64.ActiveCfg = Debug|x64
		{F5CBC452-32B6-4226-83F5-6B4A634C1516}.Debug|x64.Build.0 = Debug|x64
		{F5CBC452-32B6-4226-83F5-6B4A634C1516}.Debug|x86.ActiveCfg = Debug|Win32
		{F5CBC452-32B6-4226-83F5-6B4A634C1516}.Debug|x86.Build.0 = Debug|Win32
		{F5CBC452-32B6-4226-83F5-6B4A634C1516}.Release|ARM.ActiveCfg = Release|x64
		{F5CBC452-32B6-4226-83F5-6B4A634C1516}.Release|ARM.Build.0 = Release|x64
		{F5CBC452-32B6-4226-83F5-6B4A634C1516}.Release|ARM64.ActiveCfg = Release|x64
		{F5CBC452-32B6-4226-83F5-6B4A634C1516}.Release|ARM64.Build.0 = Release|x64
		{F5CBC452-32B6-4226-83F5-6B4A634C1516}.Release|x64.ActiveCfg = Release|x64
		{F5CBC452-32B6-4226-83F5-6B4A634C1516}.Release|x64.Build.0 = Release|x64
		{F5CBC452-32B6-4226-83F5-6B4A634C1516}.Release|x86.ActiveCfg = Release|Win32
		{F5CBC452-32B6-4226-83F5-6B4A634C1516}.Release|x86.Build.0 = Release|Win32
		{CCE48363-32FB-4E86-BE3F-0B8CA2E177C7}.Debug|ARM.ActiveCfg = Debug|ARM
		{CCE48363-32FB-4E86-BE3F-0B8CA2E177C7}.Debug|ARM.Build.0 = Debug|ARM
		{CCE48363-32FB-4E86-BE3F-0B8CA2E177C7}.Debug|ARM.Deploy.0 = Debug|ARM
		{CCE48363-32FB-4E86-BE3F-0B8CA2E177C7}.Debug|ARM64.ActiveCfg = Debug|ARM64
		{CCE48363-32FB-4E86-BE3F-0B8CA2E177C7}.Debug|ARM64.Build.0 = Debug|ARM64
		{CCE48363-32FB-4E86-BE3F-0B8CA2E177C7}.Debug|ARM64.Deploy.0 = Debug|ARM64
		{CCE48363-32FB-4E86-BE3F-0B8CA2E177C7}.Debug|x64.ActiveCfg = Debug|x64
		{CCE48363-32FB-4E86-BE3F-0B8CA2E177C7}.Debug|x64.Build.0 = Debug|x64
		{CCE48363-32FB-4E86-BE3F-0B8CA2E177C7}.Debug|x64.Deploy.0 = Debug|x64
		{CCE48363-32FB-4E86-BE3F-0B8CA2E177C7}.Debug|x86.ActiveCfg = Debug|Win32
		{CCE48363-32FB-4E86-BE3F-0B8CA2E177C7}.Debug|x86.Build.0 = Debug|Win32
		{CCE48363-32FB-4E86-BE3F-0B8CA2E177C7}.Debug|x86.Deploy.0 = Debug|Win32
		{CCE48363-32FB-4E86-BE3F-0B8CA2E177C7}.Release|ARM.ActiveCfg = Release|ARM
		{CCE48363-32FB-4E86-BE3F-0B8CA2E177C7}.Release|ARM.Build.0 = Release|ARM
		{CCE48363-32FB-4E86-BE3F-0B8CA2E177C7}.Release|ARM.Deploy.0 = Release|ARM
		{CCE48363-32FB-4E86-BE3F-0B8CA2E177C7}.Release|ARM64.ActiveCfg = Release|ARM64
		{CCE48363-32FB-4E86-BE3F-0B8CA2E177C7}.Release|ARM64.Build.0 = Release|ARM64
		{CCE48363-32FB-4E86-BE3F-0B8CA2E177C7}.Release|ARM64.Deploy.0 = Release|ARM64
		{CCE48363-32FB-4E86-BE3F-0B8CA2E177C7}.Release|x64.ActiveCfg = Release|x64
		{CCE48363-32FB-4E86-BE3F-0B8CA2E177C7}.Release|x64.Build.0 = Release|x64
		{CCE48363-32FB-4E86-BE3F-0B8CA2E177C7}.Release|x64.Deploy.0 = Release|x64
		{CCE48363-32FB-4E86-BE3F-0B8CA2E177C7}.Release|x86.ActiveCfg = Release|Win32
		{CCE48363-32FB-4E86-BE3F-0B8CA2E177C7}.Release|x86.Build.0 = Release|Win32
		{CCE48363-32FB-4E86-BE3F-0B8CA2E177C7}.Release|x86.Deploy.0 = Release|Win32
		{ABA04BF2-0C33-4677-8C9F-F7320CB35360}.Debug|ARM.ActiveCfg = Debug|x64
		{ABA04BF2-0C33-4677-8C9F-F7320CB35360}.Debug|ARM.Build.0 = Debug|x64
		{ABA04BF2-0C33-4677-8C9F-F7320CB35360}.Debug|ARM64.ActiveCfg = Debug|x64
		{ABA04BF2-0C33-4677-8C9F-F7320CB35360}.Debug|ARM64.Build.0 = Debug|x64
		{ABA04BF2-0C33-4677-8C9F-F7320CB35360}.Debug|x64.ActiveCfg = Debug|x64
		{ABA04BF2-0C33-4677-8C9F-F7320CB35360}.Debug|x64.Build.0 = Debug|x64
		{ABA04BF2-0C33-4677-8C9F-F7320CB35360}.Debug|x86.ActiveCfg = Debug|Win32
		{ABA04BF2-0C33-4677-8C9F-F7320CB35360}.Debug|x86.Build.0 = Debug|Win32
		{ABA04BF2-0C33-4677-8C9F-F7320CB35360}.Release|ARM.ActiveCfg = Release|x64
		{ABA04BF2-0C33-4677-8C9F-F7320CB35360}.Release|ARM.Build.0 = Release|x64
		{ABA04BF2-0C33-4677-8C9F-F7320CB35360}.Release|ARM64.ActiveCfg = Release|x64
		{ABA04BF2-0C33-4677-8C9F-F7320CB35360}.Release|ARM64.Build.0 = Release|x64
		{ABA04BF2-0C33-4677-8C9F-F7320CB35360}.Release|x64.ActiveCfg = Release|x64
		{ABA04BF2-0C33-4677-8C9F-F7320CB35360}.Release|x64.Build.0 = Release|x64
		{ABA04BF2-0C33-4677-8C9F-F7320CB35360}.Release|x86.ActiveCfg = Release|Win32
		{ABA04BF2-0C33-4677-8C9F-F7320CB35360}.Release|x86.Build.0 = Release|Win32
		{CE51D0EE-B1CF-4058-863A-63895B700BC5}.Debug|ARM.ActiveCfg = Debug|x64
		{CE51D0EE-B1CF-4058-863A-63895B700BC5}.Debug|ARM.Build.0 = Debug|x64
		{CE51D0EE-B1CF-4058-863A-63895B700BC5}.Debug|ARM.Deploy.0 = Debug|x64
		{CE51D0EE-B1CF-4058-863A-63895B700BC5}.Debug|ARM64.ActiveCfg = Debug|ARM64
		{CE51D0EE-B1CF-4058-863A-63895B700BC5}.Debug|ARM64.Build.0 = Debug|ARM64
		{CE51D0EE-B1CF-4058-863A-63895B700BC5}.Debug|ARM64.Deploy.0 = Debug|ARM64
		{CE51D0EE-B1CF-4058-863A-63895B700BC5}.Debug|x64.ActiveCfg = Debug|x64
		{CE51D0EE-B1CF-4058-863A-63895B700BC5}.Debug|x64.Build.0 = Debug|x64
		{CE51D0EE-B1CF-4058-863A-63895B700BC5}.Debug|x64.Deploy.0 = Debug|x64
		{CE51D0EE-B1CF-4058-863A-63895B700BC5}.Debug|x86.ActiveCfg = Debug|x64
		{CE51D0EE-B1CF-4058-863A-63895B700BC5}.Debug|x86.Build.0 = Debug|x64
		{CE51D0EE-B1CF-4058-863A-63895B700BC5}.Debug|x86.Deploy.0 = Debug|x64
		{CE51D0EE-B1CF-4058-863A-63895B700BC5}.Release|ARM.ActiveCfg = Release|x64
		{CE51D0EE-B1CF-4058-863A-63895B700BC5}.Release|ARM.Build.0 = Release|x64
		{CE51D0EE-B1CF-4058-863A-63895B700BC5}.Release|ARM.Deploy.0 = Release|x64
		{CE51D0EE-B1CF-4058-863A-63895B700BC5}.Release|ARM64.ActiveCfg = Release|ARM64
		{CE51D0EE-B1CF-4058-863A-63895B700BC5}.Release|ARM64.Build.0 = Release|ARM64
		{CE51D0EE-B1CF-4058-863A-63895B700BC5}.Release|ARM64.Deploy.0 = Release|ARM64
		{CE51D0EE-B1CF-4058-863A-63895B700BC5}.Release|x64.ActiveCfg = Release|x64
		{CE51D0EE-B1CF-4058-863A-63895B700BC5}.Release|x64.Build.0 = Release|x64
		{CE51D0EE-B1CF-4058-863A-63895B700BC5}.Release|x64.Deploy.0 = Release|x64
		{CE51D0EE-B1CF-4058-863A-63895B700BC5}.Release|x86.ActiveCfg = Release|x64
		{CE51D0EE-B1CF-4058-863A-63895B700BC5}.Release|x86.Build.0 = Release|x64
		{CE51D0EE-B1CF-4058-863A-63895B700BC5}.Release|x86.Deploy.0 = Release|x64
		{FBCE4CF6-9B65-43CF-B1E7-D64443E3E34D}.Debug|ARM.ActiveCfg = Debug|x64
		{FBCE4CF6-9B65-43CF-B1E7-D64443E3E34D}.Debug|ARM.Build.0 = Debug|x64
		{FBCE4CF6-9B65-43CF-B1E7-D64443E3E34D}.Debug|ARM.Deploy.0 = Debug|x64
		{FBCE4CF6-9B65-43CF-B1E7-D64443E3E34D}.Debug|ARM64.ActiveCfg = Debug|ARM64
		{FBCE4CF6-9B65-43CF-B1E7-D64443E3E34D}.Debug|ARM64.Build.0 = Debug|ARM64
		{FBCE4CF6-9B65-43CF-B1E7-D64443E3E34D}.Debug|ARM64.Deploy.0 = Debug|ARM64
		{FBCE4CF6-9B65-43CF-B1E7-D64443E3E34D}.Debug|x64.ActiveCfg = Debug|x64
		{FBCE4CF6-9B65-43CF-B1E7-D64443E3E34D}.Debug|x64.Build.0 = Debug|x64
		{FBCE4CF6-9B65-43CF-B1E7-D64443E3E34D}.Debug|x64.Deploy.0 = Debug|x64
		{FBCE4CF6-9B65-43CF-B1E7-D64443E3E34D}.Debug|x86.ActiveCfg = Debug|x64
		{FBCE4CF6-9B65-43CF-B1E7-D64443E3E34D}.Debug|x86.Build.0 = Debug|x64
		{FBCE4CF6-9B65-43CF-B1E7-D64443E3E34D}.Debug|x86.Deploy.0 = Debug|x64
		{FBCE4CF6-9B65-43CF-B1E7-D64443E3E34D}.Release|ARM.ActiveCfg = Release|x64
		{FBCE4CF6-9B65-43CF-B1E7-D64443E3E34D}.Release|ARM.Build.0 = Release|x64
		{FBCE4CF6-9B65-43CF-B1E7-D64443E3E34D}.Release|ARM.Deploy.0 = Release|x64
		{FBCE4CF6-9B65-43CF-B1E7-D64443E3E34D}.Release|ARM64.ActiveCfg = Release|ARM64
		{FBCE4CF6-9B65-43CF-B1E7-D64443E3E34D}.Release|ARM64.Build.0 = Release|ARM64
		{FBCE4CF6-9B65-43CF-B1E7-D64443E3E34D}.Release|ARM64.Deploy.0 = Release|ARM64
		{FBCE4CF6-9B65-43CF-B1E7-D64443E3E34D}.Release|x64.ActiveCfg = Release|x64
		{FBCE4CF6-9B65-43CF-B1E7-D64443E3E34D}.Release|x64.Build.0 = Release|x64
		{FBCE4CF6-9B65-43CF-B1E7-D64443E3E34D}.Release|x64.Deploy.0 = Release|x64
		{FBCE4CF6-9B65-43CF-B1E7-D64443E3E34D}.Release|x86.ActiveCfg = Release|x64
		{FBCE4CF6-9B65-43CF-B1E7-D64443E3E34D}.Release|x86.Build.0 = Release|x64
		{FBCE4CF6-9B65-43CF-B1E7-D64443E3E34D}.Release|x86.Deploy.0 = Release|x64
		{B2F45AE7-7A83-4B17-A89A-F695E75EA73F}.Debug|ARM.ActiveCfg = Debug|ARM
		{B2F45AE7-7A83-4B17-A89A-F695E75EA73F}.Debug|ARM.Build.0 = Debug|ARM
		{B2F45AE7-7A83-4B17-A89A-F695E75EA73F}.Debug|ARM.Deploy.0 = Debug|ARM
		{B2F45AE7-7A83-4B17-A89A-F695E75EA73F}.Debug|ARM64.ActiveCfg = Debug|ARM64
		{B2F45AE7-7A83-4B17-A89A-F695E75EA73F}.Debug|ARM64.Build.0 = Debug|ARM64
		{B2F45AE7-7A83-4B17-A89A-F695E75EA73F}.Debug|ARM64.Deploy.0 = Debug|ARM64
		{B2F45AE7-7A83-4B17-A89A-F695E75EA73F}.Debug|x64.ActiveCfg = Debug|x64
		{B2F45AE7-7A83-4B17-A89A-F695E75EA73F}.Debug|x64.Build.0 = Debug|x64
		{B2F45AE7-7A83-4B17-A89A-F695E75EA73F}.Debug|x64.Deploy.0 = Debug|x64
		{B2F45AE7-7A83-4B17-A89A-F695E75EA73F}.Debug|x86.ActiveCfg = Debug|Win32
		{B2F45AE7-7A83-4B17-A89A-F695E75EA73F}.Debug|x86.Build.0 = Debug|Win32
		{B2F45AE7-7A83-4B17-A89A-F695E75EA73F}.Debug|x86.Deploy.0 = Debug|Win32
		{B2F45AE7-7A83-4B17-A89A-F695E75EA73F}.Release|ARM.ActiveCfg = Release|ARM
		{B2F45AE7-7A83-4B17-A89A-F695E75EA73F}.Release|ARM.Build.0 = Release|ARM
		{B2F45AE7-7A83-4B17-A89A-F695E75EA73F}.Release|ARM.Deploy.0 = Release|ARM
		{B2F45AE7-7A83-4B17-A89A-F695E75EA73F}.Release|ARM64.ActiveCfg = Release|ARM64
		{B2F45AE7-7A83-4B17-A89A-F695E75EA73F}.Release|ARM64.Build.0 = Release|ARM64
		{B2F45AE7-7A83-4B17-A89A-F695E75EA73F}.Release|ARM64.Deploy.0 = Release|ARM64
		{B2F45AE7-7A83-4B17-A89A-F695E75EA73F}.Release|x64.ActiveCfg = Release|x64
		{B2F45AE7-7A83-4B17-A89A-F695E75EA73F}.Release|x64.Build.0 = Release|x64
		{B2F45AE7-7A83-4B17-A89A-F695E75EA73F}.Release|x64.Deploy.0 = Release|x64
		{B2F45AE7-7A83-4B17-A89A-F695E75EA73F}.Release|x86.ActiveCfg = Release|Win32
		{B2F45AE7-7A83-4B17-A89A-F695E75EA73F}.Release|x86.Build.0 = Release|Win32
		{B2F45AE7-7A83-4B17-A89A-F695E75EA73F}.Release|x86.Deploy.0 = Release|Win32
		{D3918509-9EE1-4453-B2AB-A20E2387B02D}.Debug|ARM.ActiveCfg = Debug|ARM
		{D3918509-9EE1-4453-B2AB-A20E2387B02D}.Debug|ARM.Build.0 = Debug|ARM
		{D3918509-9EE1-4453-B2AB-A20E2387B02D}.Debug|ARM.Deploy.0 = Debug|ARM
		{D3918509-9EE1-4453-B2AB-A20E2387B02D}.Debug|ARM64.ActiveCfg = Debug|ARM64
		{D3918509-9EE1-4453-B2AB-A20E2387B02D}.Debug|ARM64.Build.0 = Debug|ARM64
		{D3918509-9EE1-4453-B2AB-A20E2387B02D}.Debug|ARM64.Deploy.0 = Debug|ARM64
		{D3918509-9EE1-4453-B2AB-A20E2387B02D}.Debug|x64.ActiveCfg = Debug|x64
		{D3918509-9EE1-4453-B2AB-A20E2387B02D}.Debug|x64.Build.0 = Debug|x64
		{D3918509-9EE1-4453-B2AB-A20E2387B02D}.Debug|x64.Deploy.0 = Debug|x64
		{D3918509-9EE1-4453-B2AB-A20E2387B02D}.Debug|x86.ActiveCfg = Debug|Win32
		{D3918509-9EE1-4453-B2AB-A20E2387B02D}.Debug|x86.Build.0 = Debug|Win32
		{D3918509-9EE1-4453-B2AB-A20E2387B02D}.Debug|x86.Deploy.0 = Debug|Win32
		{D3918509-9EE1-4453-B2AB-A20E2387B02D}.Release|ARM.ActiveCfg = Release|ARM
		{D3918509-9EE1-4453-B2AB-A20E2387B02D}.Release|ARM.Build.0 = Release|ARM
		{D3918509-9EE1-4453-B2AB-A20E2387B02D}.Release|ARM.Deploy.0 = Release|ARM
		{D3918509-9EE1-4453-B2AB-A20E2387B02D}.Release|ARM64.ActiveCfg = Release|ARM64
		{D3918509-9EE1-4453-B2AB-A20E2387B02D}.Release|ARM64.Build.0 = Release|ARM64
		{D3918509-9EE1-4453-B2AB-A20E2387B02D}.Release|ARM64.Deploy.0 = Release|ARM64
		{D3918509-9EE1-4453-B2AB-A20E2387B02D}.Release|x64.ActiveCfg = Release|x64
		{D3918509-9EE1-4453-B2AB-A20E2387B02D}.Release|x64.Build.0 = Release|x64
		{D3918509-9EE1-4453-B2AB-A20E2387B02D}.Release|x64.Deploy.0 = Release|x64
		{D3918509-9EE1-4453-B2AB-A20E2387B02D}.Release|x86.ActiveCfg = Release|Win32
		{D3918509-9EE1-4453-B2AB-A20E2387B02D}.Release|x86.Build.0 = Release|Win32
		{D3918509-9EE1-4453-B2AB-A20E2387B02D}.Release|x86.Deploy.0 = Release|Win32
		{7CCADA19-0509-4844-B37B-E0E5B7620F80}.Debug|ARM.ActiveCfg = Debug|ARM
		{7CCADA19-0509-4844-B37B-E0E5B7620F80}.Debug|ARM.Build.0 = Debug|ARM
		{7CCADA19-0509-4844-B37B-E0E5B7620F80}.Debug|ARM.Deploy.0 = Debug|ARM
		{7CCADA19-0509-4844-B37B-E0E5B7620F80}.Debug|ARM64.ActiveCfg = Debug|ARM64
		{7CCADA19-0509-4844-B37B-E0E5B7620F80}.Debug|ARM64.Build.0 = Debug|ARM64
		{7CCADA19-0509-4844-B37B-E0E5B7620F80}.Debug|ARM64.Deploy.0 = Debug|ARM64
		{7CCADA19-0509-4844-B37B-E0E5B7620F80}.Debug|x64.ActiveCfg = Debug|x64
		{7CCADA19-0509-4844-B37B-E0E5B7620F80}.Debug|x64.Build.0 = Debug|x64
		{7CCADA19-0509-4844-B37B-E0E5B7620F80}.Debug|x64.Deploy.0 = Debug|x64
		{7CCADA19-0509-4844-B37B-E0E5B7620F80}.Debug|x86.ActiveCfg = Debug|Win32
		{7CCADA19-0509-4844-B37B-E0E5B7620F80}.Debug|x86.Build.0 = Debug|Win32
		{7CCADA19-0509-4844-B37B-E0E5B7620F80}.Debug|x86.Deploy.0 = Debug|Win32
		{7CCADA19-0509-4844-B37B-E0E5B7620F80}.Release|ARM.ActiveCfg = Release|ARM
		{7CCADA19-0509-4844-B37B-E0E5B7620F80}.Release|ARM.Build.0 = Release|ARM
		{7CCADA19-0509-4844-B37B-E0E5B7620F80}.Release|ARM.Deploy.0 = Release|ARM
		{7CCADA19-0509-4844-B37B-E0E5B7620F80}.Release|ARM64.ActiveCfg = Release|ARM64
		{7CCADA19-0509-4844-B37B-E0E5B7620F80}.Release|ARM64.Build.0 = Release|ARM64
		{7CCADA19-0509-4844-B37B-E0E5B7620F80}.Release|ARM64.Deploy.0 = Release|ARM64
		{7CCADA19-0509-4844-B37B-E0E5B7620F80}.Release|x64.ActiveCfg = Release|x64
		{7CCADA19-0509-4844-B37B-E0E5B7620F80}.Release|x64.Build.0 = Release|x64
		{7CCADA19-0509-4844-B37B-E0E5B7620F80}.Release|x64.Deploy.0 = Release|x64
		{7CCADA19-0509-4844-B37B-E0E5B7620F80}.Release|x86.ActiveCfg = Release|Win32
		{7CCADA19-0509-4844-B37B-E0E5B7620F80}.Release|x86.Build.0 = Release|Win32
		{7CCADA19-0509-4844-B37B-E0E5B7620F80}.Release|x86.Deploy.0 = Release|Win32
		{B3781057-60E1-466E-B863-505C004D9271}.Debug|ARM.ActiveCfg = Debug|x64
		{B3781057-60E1-466E-B863-505C004D9271}.Debug|ARM.Build.0 = Debug|x64
		{B3781057-60E1-466E-B863-505C004D9271}.Debug|ARM64.ActiveCfg = Debug|x64
		{B3781057-60E1-466E-B863-505C004D9271}.Debug|ARM64.Build.0 = Debug|x64
		{B3781057-60E1-466E-B863-505C004D9271}.Debug|x64.ActiveCfg = Debug|x64
		{B3781057-60E1-466E-B863-505C004D9271}.Debug|x64.Build.0 = Debug|x64
		{B3781057-60E1-466E-B863-505C004D9271}.Debug|x86.ActiveCfg = Debug|Win32
		{B3781057-60E1-466E-B863-505C004D9271}.Debug|x86.Build.0 = Debug|Win32
		{B3781057-60E1-466E-B863-505C004D9271}.Release|ARM.ActiveCfg = Release|x64
		{B3781057-60E1-466E-B863-505C004D9271}.Release|ARM.Build.0 = Release|x64
		{B3781057-60E1-466E-B863-505C004D9271}.Release|ARM64.ActiveCfg = Release|x64
		{B3781057-60E1-466E-B863-505C004D9271}.Release|ARM64.Build.0 = Release|x64
		{B3781057-60E1-466E-B863-505C004D9271}.Release|x64.ActiveCfg = Release|x64
		{B3781057-60E1-466E-B863-505C004D9271}.Release|x64.Build.0 = Release|x64
		{B3781057-60E1-466E-B863-505C004D9271}.Release|x86.ActiveCfg = Release|Win32
		{B3781057-60E1-466E-B863-505C004D9271}.Release|x86.Build.0 = Release|Win32
		{1BD574E8-ED12-4647-AF51-2079D4A1614E}.Debug|ARM.ActiveCfg = Debug|ARM
		{1BD574E8-ED12-4647-AF51-2079D4A1614E}.Debug|ARM.Build.0 = Debug|ARM
		{1BD574E8-ED12-4647-AF51-2079D4A1614E}.Debug|ARM.Deploy.0 = Debug|ARM
		{1BD574E8-ED12-4647-AF51-2079D4A1614E}.Debug|ARM64.ActiveCfg = Debug|ARM64
		{1BD574E8-ED12-4647-AF51-2079D4A1614E}.Debug|ARM64.Build.0 = Debug|ARM64
		{1BD574E8-ED12-4647-AF51-2079D4A1614E}.Debug|ARM64.Deploy.0 = Debug|ARM64
		{1BD574E8-ED12-4647-AF51-2079D4A1614E}.Debug|x64.ActiveCfg = Debug|x64
		{1BD574E8-ED12-4647-AF51-2079D4A1614E}.Debug|x64.Build.0 = Debug|x64
		{1BD574E8-ED12-4647-AF51-2079D4A1614E}.Debug|x64.Deploy.0 = Debug|x64
		{1BD574E8-ED12-4647-AF51-2079D4A1614E}.Debug|x86.ActiveCfg = Debug|Win32
		{1BD574E8-ED12-4647-AF51-2079D4A1614E}.Debug|x86.Build.0 = Debug|Win32
		{1BD574E8-ED12-4647-AF51-2079D4A1614E}.Debug|x86.Deploy.0 = Debug|Win32
		{1BD574E8-ED12-4647-AF51-2079D4A1614E}.Release|ARM.ActiveCfg = Release|ARM
		{1BD574E8-ED12-4647-AF51-2079D4A1614E}.Release|ARM.Build.0 = Release|ARM
		{1BD574E8-ED12-4647-AF51-2079D4A1614E}.Release|ARM.Deploy.0 = Release|ARM
		{1BD574E8-ED12-4647-AF51-2079D4A1614E}.Release|ARM64.ActiveCfg = Release|ARM64
		{1BD574E8-ED12-4647-AF51-2079D4A1614E}.Release|ARM64.Build.0 = Release|ARM64
		{1BD574E8-ED12-4647-AF51-2079D4A1614E}.Release|ARM64.Deploy.0 = Release|ARM64
		{1BD574E8-ED12-4647-AF51-2079D4A1614E}.Release|x64.ActiveCfg = Release|x64
		{1BD574E8-ED12-4647-AF51-2079D4A1614E}.Release|x64.Build.0 = Release|x64
		{1BD574E8-ED12-4647-AF51-2079D4A1614E}.Release|x64.Deploy.0 = Release|x64
		{1BD574E8-ED12-4647-AF51-2079D4A1614E}.Release|x86.ActiveCfg = Release|Win32
		{1BD574E8-ED12-4647-AF51-2079D4A1614E}.Release|x86.Build.0 = Release|Win32
		{1BD574E8-ED12-4647-AF51-2079D4A1614E}.Release|x86.Deploy.0 = Release|Win32
		{975CDD01-EE36-4CA5-8F91-0EAB60AD117D}.Debug|ARM.ActiveCfg = Debug|x64
		{975CDD01-EE36-4CA5-8F91-0EAB60AD117D}.Debug|ARM.Build.0 = Debug|x64
		{975CDD01-EE36-4CA5-8F91-0EAB60AD117D}.Debug|ARM64.ActiveCfg = Debug|x64
		{975CDD01-EE36-4CA5-8F91-0EAB60AD117D}.Debug|ARM64.Build.0 = Debug|x64
		{975CDD01-EE36-4CA5-8F91-0EAB60AD117D}.Debug|x64.ActiveCfg = Debug|x64
		{975CDD01-EE36-4CA5-8F91-0EAB60AD117D}.Debug|x64.Build.0 = Debug|x64
		{975CDD01-EE36-4CA5-8F91-0EAB60AD117D}.Debug|x86.ActiveCfg = Debug|Win32
		{975CDD01-EE36-4CA5-8F91-0EAB60AD117D}.Debug|x86.Build.0 = Debug|Win32
		{975CDD01-EE36-4CA5-8F91-0EAB60AD117D}.Release|ARM.ActiveCfg = Release|x64
		{975CDD01-EE36-4CA5-8F91-0EAB60AD117D}.Release|ARM.Build.0 = Release|x64
		{975CDD01-EE36-4CA5-8F91-0EAB60AD117D}.Release|ARM64.ActiveCfg = Release|x64
		{975CDD01-EE36-4CA5-8F91-0EAB60AD117D}.Release|ARM64.Build.0 = Release|x64
		{975CDD01-EE36-4CA5-8F91-0EAB60AD117D}.Release|x64.ActiveCfg = Release|x64
		{975CDD01-EE36-4CA5-8F91-0EAB60AD117D}.Release|x64.Build.0 = Release|x64
		{975CDD01-EE36-4CA5-8F91-0EAB60AD117D}.Release|x86.ActiveCfg = Release|Win32
		{975CDD01-EE36-4CA5-8F91-0EAB60AD117D}.Release|x86.Build.0 = Release|Win32
		{2216DBDB-219E-4B41-8EDA-12FBB8519A6A}.Debug|ARM.ActiveCfg = Debug|ARM
		{2216DBDB-219E-4B41-8EDA-12FBB8519A6A}.Debug|ARM.Build.0 = Debug|ARM
		{2216DBDB-219E-4B41-8EDA-12FBB8519A6A}.Debug|ARM.Deploy.0 = Debug|ARM
		{2216DBDB-219E-4B41-8EDA-12FBB8519A6A}.Debug|ARM64.ActiveCfg = Debug|ARM64
		{2216DBDB-219E-4B41-8EDA-12FBB8519A6A}.Debug|ARM64.Build.0 = Debug|ARM64
		{2216DBDB-219E-4B41-8EDA-12FBB8519A6A}.Debug|ARM64.Deploy.0 = Debug|ARM64
		{2216DBDB-219E-4B41-8EDA-12FBB8519A6A}.Debug|x64.ActiveCfg = Debug|x64
		{2216DBDB-219E-4B41-8EDA-12FBB8519A6A}.Debug|x64.Build.0 = Debug|x64
		{2216DBDB-219E-4B41-8EDA-12FBB8519A6A}.Debug|x64.Deploy.0 = Debug|x64
		{2216DBDB-219E-4B41-8EDA-12FBB8519A6A}.Debug|x86.ActiveCfg = Debug|Win32
		{2216DBDB-219E-4B41-8EDA-12FBB8519A6A}.Debug|x86.Build.0 = Debug|Win32
		{2216DBDB-219E-4B41-8EDA-12FBB8519A6A}.Debug|x86.Deploy.0 = Debug|Win32
		{2216DBDB-219E-4B41-8EDA-12FBB8519A6A}.Release|ARM.ActiveCfg = Release|ARM
		{2216DBDB-219E-4B41-8EDA-12FBB8519A6A}.Release|ARM.Build.0 = Release|ARM
		{2216DBDB-219E-4B41-8EDA-12FBB8519A6A}.Release|ARM.Deploy.0 = Release|ARM
		{2216DBDB-219E-4B41-8EDA-12FBB8519A6A}.Release|ARM64.ActiveCfg = Release|ARM64
		{2216DBDB-219E-4B41-8EDA-12FBB8519A6A}.Release|ARM64.Build.0 = Release|ARM64
		{2216DBDB-219E-4B41-8EDA-12FBB8519A6A}.Release|ARM64.Deploy.0 = Release|ARM64
		{2216DBDB-219E-4B41-8EDA-12FBB8519A6A}.Release|x64.ActiveCfg = Release|x64
		{2216DBDB-219E-4B41-8EDA-12FBB8519A6A}.Release|x64.Build.0 = Release|x64
		{2216DBDB-219E-4B41-8EDA-12FBB8519A6A}.Release|x64.Deploy.0 = Release|x64
		{2216DBDB-219E-4B41-8EDA-12FBB8519A6A}.Release|x86.ActiveCfg = Release|Win32
		{2216DBDB-219E-4B41-8EDA-12FBB8519A6A}.Release|x86.Build.0 = Release|Win32
		{2216DBDB-219E-4B41-8EDA-12FBB8519A6A}.Release|x86.Deploy.0 = Release|Win32
		{898CA532-333B-4D23-9581-BD99E6C9545C}.Debug|ARM.ActiveCfg = Debug|ARM
		{898CA532-333B-4D23-9581-BD99E6C9545C}.Debug|ARM.Build.0 = Debug|ARM
		{898CA532-333B-4D23-9581-BD99E6C9545C}.Debug|ARM.Deploy.0 = Debug|ARM
		{898CA532-333B-4D23-9581-BD99E6C9545C}.Debug|ARM64.ActiveCfg = Debug|ARM64
		{898CA532-333B-4D23-9581-BD99E6C9545C}.Debug|ARM64.Build.0 = Debug|ARM64
		{898CA532-333B-4D23-9581-BD99E6C9545C}.Debug|ARM64.Deploy.0 = Debug|ARM64
		{898CA532-333B-4D23-9581-BD99E6C9545C}.Debug|x64.ActiveCfg = Debug|x64
		{898CA532-333B-4D23-9581-BD99E6C9545C}.Debug|x64.Build.0 = Debug|x64
		{898CA532-333B-4D23-9581-BD99E6C9545C}.Debug|x64.Deploy.0 = Debug|x64
		{898CA532-333B-4D23-9581-BD99E6C9545C}.Debug|x86.ActiveCfg = Debug|Win32
		{898CA532-333B-4D23-9581-BD99E6C9545C}.Debug|x86.Build.0 = Debug|Win32
		{898CA532-333B-4D23-9581-BD99E6C9545C}.Debug|x86.Deploy.0 = Debug|Win32
		{898CA532-333B-4D23-9581-BD99E6C9545C}.Release|ARM.ActiveCfg = Release|ARM
		{898CA532-333B-4D23-9581-BD99E6C9545C}.Release|ARM.Build.0 = Release|ARM
		{898CA532-333B-4D23-9581-BD99E6C9545C}.Release|ARM.Deploy.0 = Release|ARM
		{898CA532-333B-4D23-9581-BD99E6C9545C}.Release|ARM64.ActiveCfg = Release|ARM64
		{898CA532-333B-4D23-9581-BD99E6C9545C}.Release|ARM64.Build.0 = Release|ARM64
		{898CA532-333B-4D23-9581-BD99E6C9545C}.Release|ARM64.Deploy.0 = Release|ARM64
		{898CA532-333B-4D23-9581-BD99E6C9545C}.Release|x64.ActiveCfg = Release|x64
		{898CA532-333B-4D23-9581-BD99E6C9545C}.Release|x64.Build.0 = Release|x64
		{898CA532-333B-4D23-9581-BD99E6C9545C}.Release|x64.Deploy.0 = Release|x64
		{898CA532-333B-4D23-9581-BD99E6C9545C}.Release|x86.ActiveCfg = Release|Win32
		{898CA532-333B-4D23-9581-BD99E6C9545C}.Release|x86.Build.0 = Release|Win32
		{898CA532-333B-4D23-9581-BD99E6C9545C}.Release|x86.Deploy.0 = Release|Win32
		{247AC5B9-78D1-48B5-967A-5CB5139511E1}.Debug|ARM.ActiveCfg = Debug|x64
		{247AC5B9-78D1-48B5-967A-5CB5139511E1}.Debug|ARM.Build.0 = Debug|x64
		{247AC5B9-78D1-48B5-967A-5CB5139511E1}.Debug|ARM64.ActiveCfg = Debug|x64
		{247AC5B9-78D1-48B5-967A-5CB5139511E1}.Debug|ARM64.Build.0 = Debug|x64
		{247AC5B9-78D1-48B5-967A-5CB5139511E1}.Debug|x64.ActiveCfg = Debug|x64
		{247AC5B9-78D1-48B5-967A-5CB5139511E1}.Debug|x64.Build.0 = Debug|x64
		{247AC5B9-78D1-48B5-967A-5CB5139511E1}.Debug|x86.ActiveCfg = Debug|Win32
		{247AC5B9-78D1-48B5-967A-5CB5139511E1}.Debug|x86.Build.0 = Debug|Win32
		{247AC5B9-78D1-48B5-967A-5CB5139511E1}.Release|ARM.ActiveCfg = Release|x64
		{247AC5B9-78D1-48B5-967A-5CB5139511E1}.Release|ARM.Build.0 = Release|x64
		{247AC5B9-78D1-48B5-967A-5CB5139511E1}.Release|ARM64.ActiveCfg = Release|x64
		{247AC5B9-78D1-48B5-967A-5CB5139511E1}.Release|ARM64.Build.0 = Release|x64
		{247AC5B9-78D1-48B5-967A-5CB5139511E1}.Release|x64.ActiveCfg = Release|x64
		{247AC5B9-78D1-48B5-967A-5CB5139511E1}.Release|x64.Build.0 = Release|x64
		{247AC5B9-78D1-48B5-967A-5CB5139511E1}.Release|x86.ActiveCfg = Release|Win32
		{247AC5B9-78D1-48B5-967A-5CB5139511E1}.Release|x86.Build.0 = Release|Win32
		{A55BA92D-B16B-4815-BE40-065B652E8990}.Debug|ARM.ActiveCfg = Debug|ARM
		{A55BA92D-B16B-4815-BE40-065B652E8990}.Debug|ARM.Build.0 = Debug|ARM
		{A55BA92D-B16B-4815-BE40-065B652E8990}.Debug|ARM.Deploy.0 = Debug|ARM
		{A55BA92D-B16B-4815-BE40-065B652E8990}.Debug|ARM64.ActiveCfg = Debug|ARM64
		{A55BA92D-B16B-4815-BE40-065B652E8990}.Debug|ARM64.Build.0 = Debug|ARM64
		{A55BA92D-B16B-4815-BE40-065B652E8990}.Debug|ARM64.Deploy.0 = Debug|ARM64
		{A55BA92D-B16B-4815-BE40-065B652E8990}.Debug|x64.ActiveCfg = Debug|x64
		{A55BA92D-B16B-4815-BE40-065B652E8990}.Debug|x64.Build.0 = Debug|x64
		{A55BA92D-B16B-4815-BE40-065B652E8990}.Debug|x64.Deploy.0 = Debug|x64
		{A55BA92D-B16B-4815-BE40-065B652E8990}.Debug|x86.ActiveCfg = Debug|Win32
		{A55BA92D-B16B-4815-BE40-065B652E8990}.Debug|x86.Build.0 = Debug|Win32
		{A55BA92D-B16B-4815-BE40-065B652E8990}.Debug|x86.Deploy.0 = Debug|Win32
		{A55BA92D-B16B-4815-BE40-065B652E8990}.Release|ARM.ActiveCfg = Release|ARM
		{A55BA92D-B16B-4815-BE40-065B652E8990}.Release|ARM.Build.0 = Release|ARM
		{A55BA92D-B16B-4815-BE40-065B652E8990}.Release|ARM.Deploy.0 = Release|ARM
		{A55BA92D-B16B-4815-BE40-065B652E8990}.Release|ARM64.ActiveCfg = Release|ARM64
		{A55BA92D-B16B-4815-BE40-065B652E8990}.Release|ARM64.Build.0 = Release|ARM64
		{A55BA92D-B16B-4815-BE40-065B652E8990}.Release|ARM64.Deploy.0 = Release|ARM64
		{A55BA92D-B16B-4815-BE40-065B652E8990}.Release|x64.ActiveCfg = Release|x64
		{A55BA92D-B16B-4815-BE40-065B652E8990}.Release|x64.Build.0 = Release|x64
		{A55BA92D-B16B-4815-BE40-065B652E8990}.Release|x64.Deploy.0 = Release|x64
		{A55BA92D-B16B-4815-BE40-065B652E8990}.Release|x86.ActiveCfg = Release|Win32
		{A55BA92D-B16B-4815-BE40-065B652E8990}.Release|x86.Build.0 = Release|Win32
		{A55BA92D-B16B-4815-BE40-065B652E8990}.Release|x86.Deploy.0 = Release|Win32
		{0D88FABA-4176-438B-9A51-CED44DC75444}.Debug|ARM.ActiveCfg = Debug|x64
		{0D88FABA-4176-438B-9A51-CED44DC75444}.Debug|ARM.Build.0 = Debug|x64
		{0D88FABA-4176-438B-9A51-CED44DC75444}.Debug|ARM64.ActiveCfg = Debug|x64
		{0D88FABA-4176-438B-9A51-CED44DC75444}.Debug|ARM64.Build.0 = Debug|x64
		{0D88FABA-4176-438B-9A51-CED44DC75444}.Debug|x64.ActiveCfg = Debug|x64
		{0D88FABA-4176-438B-9A51-CED44DC75444}.Debug|x64.Build.0 = Debug|x64
		{0D88FABA-4176-438B-9A51-CED44DC75444}.Debug|x86.ActiveCfg = Debug|Win32
		{0D88FABA-4176-438B-9A51-CED44DC75444}.Debug|x86.Build.0 = Debug|Win32
		{0D88FABA-4176-438B-9A51-CED44DC75444}.Release|ARM.ActiveCfg = Release|x64
		{0D88FABA-4176-438B-9A51-CED44DC75444}.Release|ARM.Build.0 = Release|x64
		{0D88FABA-4176-438B-9A51-CED44DC75444}.Release|ARM64.ActiveCfg = Release|x64
		{0D88FABA-4176-438B-9A51-CED44DC75444}.Release|ARM64.Build.0 = Release|x64
		{0D88FABA-4176-438B-9A51-CED44DC75444}.Release|x64.ActiveCfg = Release|x64
		{0D88FABA-4176-438B-9A51-CED44DC75444}.Release|x64.Build.0 = Release|x64
		{0D88FABA-4176-438B-9A51-CED44DC75444}.Release|x86.ActiveCfg = Release|Win32
		{0D88FABA-4176-438B-9A51-CED44DC75444}.Release|x86.Build.0 = Release|Win32
		{41A4869B-8A7F-429D-8BFC-D2BB5FD76618}.Debug|ARM.ActiveCfg = Debug|ARM
		{41A4869B-8A7F-429D-8BFC-D2BB5FD76618}.Debug|ARM.Build.0 = Debug|ARM
		{41A4869B-8A7F-429D-8BFC-D2BB5FD76618}.Debug|ARM.Deploy.0 = Debug|ARM
		{41A4869B-8A7F-429D-8BFC-D2BB5FD76618}.Debug|ARM64.ActiveCfg = Debug|ARM64
		{41A4869B-8A7F-429D-8BFC-D2BB5FD76618}.Debug|ARM64.Build.0 = Debug|ARM64
		{41A4869B-8A7F-429D-8BFC-D2BB5FD76618}.Debug|ARM64.Deploy.0 = Debug|ARM64
		{41A4869B-8A7F-429D-8BFC-D2BB5FD76618}.Debug|x64.ActiveCfg = Debug|x64
		{41A4869B-8A7F-429D-8BFC-D2BB5FD76618}.Debug|x64.Build.0 = Debug|x64
		{41A4869B-8A7F-429D-8BFC-D2BB5FD76618}.Debug|x64.Deploy.0 = Debug|x64
		{41A4869B-8A7F-429D-8BFC-D2BB5FD76618}.Debug|x86.ActiveCfg = Debug|Win32
		{41A4869B-8A7F-429D-8BFC-D2BB5FD76618}.Debug|x86.Build.0 = Debug|Win32
		{41A4869B-8A7F-429D-8BFC-D2BB5FD76618}.Debug|x86.Deploy.0 = Debug|Win32
		{41A4869B-8A7F-429D-8BFC-D2BB5FD76618}.Release|ARM.ActiveCfg = Release|ARM
		{41A4869B-8A7F-429D-8BFC-D2BB5FD76618}.Release|ARM.Build.0 = Release|ARM
		{41A4869B-8A7F-429D-8BFC-D2BB5FD76618}.Release|ARM.Deploy.0 = Release|ARM
		{41A4869B-8A7F-429D-8BFC-D2BB5FD76618}.Release|ARM64.ActiveCfg = Release|ARM64
		{41A4869B-8A7F-429D-8BFC-D2BB5FD76618}.Release|ARM64.Build.0 = Release|ARM64
		{41A4869B-8A7F-429D-8BFC-D2BB5FD76618}.Release|ARM64.Deploy.0 = Release|ARM64
		{41A4869B-8A7F-429D-8BFC-D2BB5FD76618}.Release|x64.ActiveCfg = Release|x64
		{41A4869B-8A7F-429D-8BFC-D2BB5FD76618}.Release|x64.Build.0 = Release|x64
		{41A4869B-8A7F-429D-8BFC-D2BB5FD76618}.Release|x64.Deploy.0 = Release|x64
		{41A4869B-8A7F-429D-8BFC-D2BB5FD76618}.Release|x86.ActiveCfg = Release|Win32
		{41A4869B-8A7F-429D-8BFC-D2BB5FD76618}.Release|x86.Build.0 = Release|Win32
		{41A4869B-8A7F-429D-8BFC-D2BB5FD76618}.Release|x86.Deploy.0 = Release|Win32
		{92306564-B95A-4EF1-AC95-2D77EBA13E5D}.Debug|ARM.ActiveCfg = Debug|ARM
		{92306564-B95A-4EF1-AC95-2D77EBA13E5D}.Debug|ARM.Build.0 = Debug|ARM
		{92306564-B95A-4EF1-AC95-2D77EBA13E5D}.Debug|ARM.Deploy.0 = Debug|ARM
		{92306564-B95A-4EF1-AC95-2D77EBA13E5D}.Debug|ARM64.ActiveCfg = Debug|ARM64
		{92306564-B95A-4EF1-AC95-2D77EBA13E5D}.Debug|ARM64.Build.0 = Debug|ARM64
		{92306564-B95A-4EF1-AC95-2D77EBA13E5D}.Debug|ARM64.Deploy.0 = Debug|ARM64
		{92306564-B95A-4EF1-AC95-2D77EBA13E5D}.Debug|x64.ActiveCfg = Debug|x64
		{92306564-B95A-4EF1-AC95-2D77EBA13E5D}.Debug|x64.Build.0 = Debug|x64
		{92306564-B95A-4EF1-AC95-2D77EBA13E5D}.Debug|x64.Deploy.0 = Debug|x64
		{92306564-B95A-4EF1-AC95-2D77EBA13E5D}.Debug|x86.ActiveCfg = Debug|Win32
		{92306564-B95A-4EF1-AC95-2D77EBA13E5D}.Debug|x86.Build.0 = Debug|Win32
		{92306564-B95A-4EF1-AC95-2D77EBA13E5D}.Debug|x86.Deploy.0 = Debug|Win32
		{92306564-B95A-4EF1-AC95-2D77EBA13E5D}.Release|ARM.ActiveCfg = Release|ARM
		{92306564-B95A-4EF1-AC95-2D77EBA13E5D}.Release|ARM.Build.0 = Release|ARM
		{92306564-B95A-4EF1-AC95-2D77EBA13E5D}.Release|ARM.Deploy.0 = Release|ARM
		{92306564-B95A-4EF1-AC95-2D77EBA13E5D}.Release|ARM64.ActiveCfg = Release|ARM64
		{92306564-B95A-4EF1-AC95-2D77EBA13E5D}.Release|ARM64.Build.0 = Release|ARM64
		{92306564-B95A-4EF1-AC95-2D77EBA13E5D}.Release|ARM64.Deploy.0 = Release|ARM64
		{92306564-B95A-4EF1-AC95-2D77EBA13E5D}.Release|x64.ActiveCfg = Release|x64
		{92306564-B95A-4EF1-AC95-2D77EBA13E5D}.Release|x64.Build.0 = Release|x64
		{92306564-B95A-4EF1-AC95-2D77EBA13E5D}.Release|x64.Deploy.0 = Release|x64
		{92306564-B95A-4EF1-AC95-2D77EBA13E5D}.Release|x86.ActiveCfg = Release|Win32
		{92306564-B95A-4EF1-AC95-2D77EBA13E5D}.Release|x86.Build.0 = Release|Win32
		{92306564-B95A-4EF1-AC95-2D77EBA13E5D}.Release|x86.Deploy.0 = Release|Win32
		{9B3B6204-A75D-4511-88F4-1BFC49FCBFBB}.Debug|ARM.ActiveCfg = Debug|ARM
		{9B3B6204-A75D-4511-88F4-1BFC49FCBFBB}.Debug|ARM.Build.0 = Debug|ARM
		{9B3B6204-A75D-4511-88F4-1BFC49FCBFBB}.Debug|ARM.Deploy.0 = Debug|ARM
		{9B3B6204-A75D-4511-88F4-1BFC49FCBFBB}.Debug|ARM64.ActiveCfg = Debug|ARM64
		{9B3B6204-A75D-4511-88F4-1BFC49FCBFBB}.Debug|ARM64.Build.0 = Debug|ARM64
		{9B3B6204-A75D-4511-88F4-1BFC49FCBFBB}.Debug|ARM64.Deploy.0 = Debug|ARM64
		{9B3B6204-A75D-4511-88F4-1BFC49FCBFBB}.Debug|x64.ActiveCfg = Debug|x64
		{9B3B6204-A75D-4511-88F4-1BFC49FCBFBB}.Debug|x64.Build.0 = Debug|x64
		{9B3B6204-A75D-4511-88F4-1BFC49FCBFBB}.Debug|x64.Deploy.0 = Debug|x64
		{9B3B6204-A75D-4511-88F4-1BFC49FCBFBB}.Debug|x86.ActiveCfg = Debug|Win32
		{9B3B6204-A75D-4511-88F4-1BFC49FCBFBB}.Debug|x86.Build.0 = Debug|Win32
		{9B3B6204-A75D-4511-88F4-1BFC49FCBFBB}.Debug|x86.Deploy.0 = Debug|Win32
		{9B3B6204-A75D-4511-88F4-1BFC49FCBFBB}.Release|ARM.ActiveCfg = Release|ARM
		{9B3B6204-A75D-4511-88F4-1BFC49FCBFBB}.Release|ARM.Build.0 = Release|ARM
		{9B3B6204-A75D-4511-88F4-1BFC49FCBFBB}.Release|ARM.Deploy.0 = Release|ARM
		{9B3B6204-A75D-4511-88F4-1BFC49FCBFBB}.Release|ARM64.ActiveCfg = Release|ARM64
		{9B3B6204-A75D-4511-88F4-1BFC49FCBFBB}.Release|ARM64.Build.0 = Release|ARM64
		{9B3B6204-A75D-4511-88F4-1BFC49FCBFBB}.Release|ARM64.Deploy.0 = Release|ARM64
		{9B3B6204-A75D-4511-88F4-1BFC49FCBFBB}.Release|x64.ActiveCfg = Release|x64
		{9B3B6204-A75D-4511-88F4-1BFC49FCBFBB}.Release|x64.Build.0 = Release|x64
		{9B3B6204-A75D-4511-88F4-1BFC49FCBFBB}.Release|x64.Deploy.0 = Release|x64
		{9B3B6204-A75D-4511-88F4-1BFC49FCBFBB}.Release|x86.ActiveCfg = Release|Win32
		{9B3B6204-A75D-4511-88F4-1BFC49FCBFBB}.Release|x86.Build.0 = Release|Win32
		{9B3B6204-A75D-4511-88F4-1BFC49FCBFBB}.Release|x86.Deploy.0 = Release|Win32
		{13E1C9C0-AACA-4F19-A4F2-5D54F120EA5A}.Debug|ARM.ActiveCfg = Debug|x64
		{13E1C9C0-AACA-4F19-A4F2-5D54F120EA5A}.Debug|ARM.Build.0 = Debug|x64
		{13E1C9C0-AACA-4F19-A4F2-5D54F120EA5A}.Debug|ARM64.ActiveCfg = Debug|x64
		{13E1C9C0-AACA-4F19-A4F2-5D54F120EA5A}.Debug|ARM64.Build.0 = Debug|x64
		{13E1C9C0-AACA-4F19-A4F2-5D54F120EA5A}.Debug|x64.ActiveCfg = Debug|x64
		{13E1C9C0-AACA-4F19-A4F2-5D54F120EA5A}.Debug|x64.Build.0 = Debug|x64
		{13E1C9C0-AACA-4F19-A4F2-5D54F120EA5A}.Debug|x86.ActiveCfg = Debug|Win32
		{13E1C9C0-AACA-4F19-A4F2-5D54F120EA5A}.Debug|x86.Build.0 = Debug|Win32
		{13E1C9C0-AACA-4F19-A4F2-5D54F120EA5A}.Release|ARM.ActiveCfg = Release|x64
		{13E1C9C0-AACA-4F19-A4F2-5D54F120EA5A}.Release|ARM.Build.0 = Release|x64
		{13E1C9C0-AACA-4F19-A4F2-5D54F120EA5A}.Release|ARM64.ActiveCfg = Release|x64
		{13E1C9C0-AACA-4F19-A4F2-5D54F120EA5A}.Release|ARM64.Build.0 = Release|x64
		{13E1C9C0-AACA-4F19-A4F2-5D54F120EA5A}.Release|x64.ActiveCfg = Release|x64
		{13E1C9C0-AACA-4F19-A4F2-5D54F120EA5A}.Release|x64.Build.0 = Release|x64
		{13E1C9C0-AACA-4F19-A4F2-5D54F120EA5A}.Release|x86.ActiveCfg = Release|Win32
		{13E1C9C0-AACA-4F19-A4F2-5D54F120EA5A}.Release|x86.Build.0 = Release|Win32
		{9DAD5ADD-D206-429B-8087-94034C423A39}.Debug|ARM.ActiveCfg = Debug|ARM
		{9DAD5ADD-D206-429B-8087-94034C423A39}.Debug|ARM.Build.0 = Debug|ARM
		{9DAD5ADD-D206-429B-8087-94034C423A39}.Debug|ARM.Deploy.0 = Debug|ARM
		{9DAD5ADD-D206-429B-8087-94034C423A39}.Debug|ARM64.ActiveCfg = Debug|ARM64
		{9DAD5ADD-D206-429B-8087-94034C423A39}.Debug|ARM64.Build.0 = Debug|ARM64
		{9DAD5ADD-D206-429B-8087-94034C423A39}.Debug|ARM64.Deploy.0 = Debug|ARM64
		{9DAD5ADD-D206-429B-8087-94034C423A39}.Debug|x64.ActiveCfg = Debug|x64
		{9DAD5ADD-D206-429B-8087-94034C423A39}.Debug|x64.Build.0 = Debug|x64
		{9DAD5ADD-D206-429B-8087-94034C423A39}.Debug|x64.Deploy.0 = Debug|x64
		{9DAD5ADD-D206-429B-8087-94034C423A39}.Debug|x86.ActiveCfg = Debug|Win32
		{9DAD5ADD-D206-429B-8087-94034C423A39}.Debug|x86.Build.0 = Debug|Win32
		{9DAD5ADD-D206-429B-8087-94034C423A39}.Debug|x86.Deploy.0 = Debug|Win32
		{9DAD5ADD-D206-429B-8087-94034C423A39}.Release|ARM.ActiveCfg = Release|ARM
		{9DAD5ADD-D206-429B-8087-94034C423A39}.Release|ARM.Build.0 = Release|ARM
		{9DAD5ADD-D206-429B-8087-94034C423A39}.Release|ARM.Deploy.0 = Release|ARM
		{9DAD5ADD-D206-429B-8087-94034C423A39}.Release|ARM64.ActiveCfg = Release|ARM64
		{9DAD5ADD-D206-429B-8087-94034C423A39}.Release|ARM64.Build.0 = Release|ARM64
		{9DAD5ADD-D206-429B-8087-94034C423A39}.Release|ARM64.Deploy.0 = Release|ARM64
		{9DAD5ADD-D206-429B-8087-94034C423A39}.Release|x64.ActiveCfg = Release|x64
		{9DAD5ADD-D206-429B-8087-94034C423A39}.Release|x64.Build.0 = Release|x64
		{9DAD5ADD-D206-429B-8087-94034C423A39}.Release|x64.Deploy.0 = Release|x64
		{9DAD5ADD-D206-429B-8087-94034C423A39}.Release|x86.ActiveCfg = Release|Win32
		{9DAD5ADD-D206-429B-8087-94034C423A39}.Release|x86.Build.0 = Release|Win32
		{9DAD5ADD-D206-429B-8087-94034C423A39}.Release|x86.Deploy.0 = Release|Win32
		{AE7286D3-776B-43AE-B204-2F70985334D3}.Debug|ARM.ActiveCfg = Debug|x64
		{AE7286D3-776B-43AE-B204-2F70985334D3}.Debug|ARM.Build.0 = Debug|x64
		{AE7286D3-776B-43AE-B204-2F70985334D3}.Debug|ARM64.ActiveCfg = Debug|x64
		{AE7286D3-776B-43AE-B204-2F70985334D3}.Debug|ARM64.Build.0 = Debug|x64
		{AE7286D3-776B-43AE-B204-2F70985334D3}.Debug|x64.ActiveCfg = Debug|x64
		{AE7286D3-776B-43AE-B204-2F70985334D3}.Debug|x64.Build.0 = Debug|x64
		{AE7286D3-776B-43AE-B204-2F70985334D3}.Debug|x86.ActiveCfg = Debug|Win32
		{AE7286D3-776B-43AE-B204-2F70985334D3}.Debug|x86.Build.0 = Debug|Win32
		{AE7286D3-776B-43AE-B204-2F70985334D3}.Release|ARM.ActiveCfg = Release|x64
		{AE7286D3-776B-43AE-B204-2F70985334D3}.Release|ARM.Build.0 = Release|x64
		{AE7286D3-776B-43AE-B204-2F70985334D3}.Release|ARM64.ActiveCfg = Release|x64
		{AE7286D3-776B-43AE-B204-2F70985334D3}.Release|ARM64.Build.0 = Release|x64
		{AE7286D3-776B-43AE-B204-2F70985334D3}.Release|x64.ActiveCfg = Release|x64
		{AE7286D3-776B-43AE-B204-2F70985334D3}.Release|x64.Build.0 = Release|x64
		{AE7286D3-776B-43AE-B204-2F70985334D3}.Release|x86.ActiveCfg = Release|Win32
		{AE7286D3-776B-43AE-B204-2F70985334D3}.Release|x86.Build.0 = Release|Win32
		{1FB7760A-800A-480D-9942-5C214F4C21EC}.Debug|ARM.ActiveCfg = Debug|x64
		{1FB7760A-800A-480D-9942-5C214F4C21EC}.Debug|ARM.Build.0 = Debug|x64
		{1FB7760A-800A-480D-9942-5C214F4C21EC}.Debug|ARM64.ActiveCfg = Debug|x64
		{1FB7760A-800A-480D-9942-5C214F4C21EC}.Debug|ARM64.Build.0 = Debug|x64
		{1FB7760A-800A-480D-9942-5C214F4C21EC}.Debug|x64.ActiveCfg = Debug|x64
		{1FB7760A-800A-480D-9942-5C214F4C21EC}.Debug|x64.Build.0 = Debug|x64
		{1FB7760A-800A-480D-9942-5C214F4C21EC}.Debug|x86.ActiveCfg = Debug|Win32
		{1FB7760A-800A-480D-9942-5C214F4C21EC}.Debug|x86.Build.0 = Debug|Win32
		{1FB7760A-800A-480D-9942-5C214F4C21EC}.Release|ARM.ActiveCfg = Release|x64
		{1FB7760A-800A-480D-9942-5C214F4C21EC}.Release|ARM.Build.0 = Release|x64
		{1FB7760A-800A-480D-9942-5C214F4C21EC}.Release|ARM64.ActiveCfg = Release|x64
		{1FB7760A-800A-480D-9942-5C214F4C21EC}.Release|ARM64.Build.0 = Release|x64
		{1FB7760A-800A-480D-9942-5C214F4C21EC}.Release|x64.ActiveCfg = Release|x64
		{1FB7760A-800A-480D-9942-5C214F4C21EC}.Release|x64.Build.0 = Release|x64
		{1FB7760A-800A-480D-9942-5C214F4C21EC}.Release|x86.ActiveCfg = Release|Win32
		{1FB7760A-800A-480D-9942-5C214F4C21EC}.Release|x86.Build.0 = Release|Win32
		{D3023914-420C-43A0-B4DE-0D3FBA3209CE}.Debug|ARM.ActiveCfg = Debug|x64
		{D3023914-420C-43A0-B4DE-0D3FBA3209CE}.Debug|ARM.Build.0 = Debug|x64
		{D3023914-420C-43A0-B4DE-0D3FBA3209CE}.Debug|ARM64.ActiveCfg = Debug|x64
		{D3023914-420C-43A0-B4DE-0D3FBA3209CE}.Debug|ARM64.Build.0 = Debug|x64
		{D3023914-420C-43A0-B4DE-0D3FBA3209CE}.Debug|x64.ActiveCfg = Debug|x64
		{D3023914-420C-43A0-B4DE-0D3FBA3209CE}.Debug|x64.Build.0 = Debug|x64
		{D3023914-420C-43A0-B4DE-0D3FBA3209CE}.Debug|x86.ActiveCfg = Debug|Win32
		{D3023914-420C-43A0-B4DE-0D3FBA3209CE}.Debug|x86.Build.0 = Debug|Win32
		{D3023914-420C-43A0-B4DE-0D3FBA3209CE}.Release|ARM.ActiveCfg = Release|x64
		{D3023914-420C-43A0-B4DE-0D3FBA3209CE}.Release|ARM.Build.0 = Release|x64
		{D3023914-420C-43A0-B4DE-0D3FBA3209CE}.Release|ARM64.ActiveCfg = Release|x64
		{D3023914-420C-43A0-B4DE-0D3FBA3209CE}.Release|ARM64.Build.0 = Release|x64
		{D3023914-420C-43A0-B4DE-0D3FBA3209CE}.Release|x64.ActiveCfg = Release|x64
		{D3023914-420C-43A0-B4DE-0D3FBA3209CE}.Release|x64.Build.0 = Release|x64
		{D3023914-420C-43A0-B4DE-0D3FBA3209CE}.Release|x86.ActiveCfg = Release|Win32
		{D3023914-420C-43A0-B4DE-0D3FBA3209CE}.Release|x86.Build.0 = Release|Win32
		{F7F84BC3-989E-4373-B0D7-2267A20E7731}.Debug|ARM.ActiveCfg = Debug|x64
		{F7F84BC3-989E-4373-B0D7-2267A20E7731}.Debug|ARM.Build.0 = Debug|x64
		{F7F84BC3-989E-4373-B0D7-2267A20E7731}.Debug|ARM64.ActiveCfg = Debug|x64
		{F7F84BC3-989E-4373-B0D7-2267A20E7731}.Debug|ARM64.Build.0 = Debug|x64
		{F7F84BC3-989E-4373-B0D7-2267A20E7731}.Debug|x64.ActiveCfg = Debug|x64
		{F7F84BC3-989E-4373-B0D7-2267A20E7731}.Debug|x64.Build.0 = Debug|x64
		{F7F84BC3-989E-4373-B0D7-2267A20E7731}.Debug|x86.ActiveCfg = Debug|Win32
		{F7F84BC3-989E-4373-B0D7-2267A20E7731}.Debug|x86.Build.0 = Debug|Win32
		{F7F84BC3-989E-4373-B0D7-2267A20E7731}.Release|ARM.ActiveCfg = Release|x64
		{F7F84BC3-989E-4373-B0D7-2267A20E7731}.Release|ARM.Build.0 = Release|x64
		{F7F84BC3-989E-4373-B0D7-2267A20E7731}.Release|ARM64.ActiveCfg = Release|x64
		{F7F84BC3-989E-4373-B0D7-2267A20E7731}.Release|ARM64.Build.0 = Release|x64
		{F7F84BC3-989E-4373-B0D7-2267A20E7731}.Release|x64.ActiveCfg = Release|x64
		{F7F84BC3-989E-4373-B0D7-2267A20E7731}.Release|x64.Build.0 = Release|x64
		{F7F84BC3-989E-4373-B0D7-2267A20E7731}.Release|x86.ActiveCfg = Release|Win32
		{F7F84BC3-989E-4373-B0D7-2267A20E7731}.Release|x86.Build.0 = Release|Win32
		{08D17B7C-4FB9-4E2E-89AD-269FA194AB78}.Debug|ARM.ActiveCfg = Debug|x64
		{08D17B7C-4FB9-4E2E-89AD-269FA194AB78}.Debug|ARM.Build.0 = Debug|x64
		{08D17B7C-4FB9-4E2E-89AD-269FA194AB78}.Debug|ARM.Deploy.0 = Debug|x64
		{08D17B7C-4FB9-4E2E-89AD-269FA194AB78}.Debug|ARM64.ActiveCfg = Debug|ARM64
		{08D17B7C-4FB9-4E2E-89AD-269FA194AB78}.Debug|ARM64.Build.0 = Debug|ARM64
		{08D17B7C-4FB9-4E2E-89AD-269FA194AB78}.Debug|ARM64.Deploy.0 = Debug|ARM64
		{08D17B7C-4FB9-4E2E-89AD-269FA194AB78}.Debug|x64.ActiveCfg = Debug|x64
		{08D17B7C-4FB9-4E2E-89AD-269FA194AB78}.Debug|x64.Build.0 = Debug|x64
		{08D17B7C-4FB9-4E2E-89AD-269FA194AB78}.Debug|x64.Deploy.0 = Debug|x64
		{08D17B7C-4FB9-4E2E-89AD-269FA194AB78}.Debug|x86.ActiveCfg = Debug|x64
		{08D17B7C-4FB9-4E2E-89AD-269FA194AB78}.Debug|x86.Build.0 = Debug|x64
		{08D17B7C-4FB9-4E2E-89AD-269FA194AB78}.Debug|x86.Deploy.0 = Debug|x64
		{08D17B7C-4FB9-4E2E-89AD-269FA194AB78}.Release|ARM.ActiveCfg = Release|x64
		{08D17B7C-4FB9-4E2E-89AD-269FA194AB78}.Release|ARM.Build.0 = Release|x64
		{08D17B7C-4FB9-4E2E-89AD-269FA194AB78}.Release|ARM.Deploy.0 = Release|x64
		{08D17B7C-4FB9-4E2E-89AD-269FA194AB78}.Release|ARM64.ActiveCfg = Release|ARM64
		{08D17B7C-4FB9-4E2E-89AD-269FA194AB78}.Release|ARM64.Build.0 = Release|ARM64
		{08D17B7C-4FB9-4E2E-89AD-269FA194AB78}.Release|ARM64.Deploy.0 = Release|ARM64
		{08D17B7C-4FB9-4E2E-89AD-269FA194AB78}.Release|x64.ActiveCfg = Release|x64
		{08D17B7C-4FB9-4E2E-89AD-269FA194AB78}.Release|x64.Build.0 = Release|x64
		{08D17B7C-4FB9-4E2E-89AD-269FA194AB78}.Release|x64.Deploy.0 = Release|x64
		{08D17B7C-4FB9-4E2E-89AD-269FA194AB78}.Release|x86.ActiveCfg = Release|x64
		{08D17B7C-4FB9-4E2E-89AD-269FA194AB78}.Release|x86.Build.0 = Release|x64
		{08D17B7C-4FB9-4E2E-89AD-269FA194AB78}.Release|x86.Deploy.0 = Release|x64
		{5F4B1BD4-C31B-44FC-9DB5-36C9AEED9AFF}.Debug|ARM.ActiveCfg = Debug|x64
		{5F4B1BD4-C31B-44FC-9DB5-36C9AEED9AFF}.Debug|ARM.Build.0 = Debug|x64
		{5F4B1BD4-C31B-44FC-9DB5-36C9AEED9AFF}.Debug|ARM.Deploy.0 = Debug|x64
		{5F4B1BD4-C31B-44FC-9DB5-36C9AEED9AFF}.Debug|ARM64.ActiveCfg = Debug|ARM64
		{5F4B1BD4-C31B-44FC-9DB5-36C9AEED9AFF}.Debug|ARM64.Build.0 = Debug|ARM64
		{5F4B1BD4-C31B-44FC-9DB5-36C9AEED9AFF}.Debug|ARM64.Deploy.0 = Debug|ARM64
		{5F4B1BD4-C31B-44FC-9DB5-36C9AEED9AFF}.Debug|x64.ActiveCfg = Debug|x64
		{5F4B1BD4-C31B-44FC-9DB5-36C9AEED9AFF}.Debug|x64.Build.0 = Debug|x64
		{5F4B1BD4-C31B-44FC-9DB5-36C9AEED9AFF}.Debug|x64.Deploy.0 = Debug|x64
		{5F4B1BD4-C31B-44FC-9DB5-36C9AEED9AFF}.Debug|x86.ActiveCfg = Debug|x64
		{5F4B1BD4-C31B-44FC-9DB5-36C9AEED9AFF}.Debug|x86.Build.0 = Debug|x64
		{5F4B1BD4-C31B-44FC-9DB5-36C9AEED9AFF}.Debug|x86.Deploy.0 = Debug|x64
		{5F4B1BD4-C31B-44FC-9DB5-36C9AEED9AFF}.Release|ARM.ActiveCfg = Release|x64
		{5F4B1BD4-C31B-44FC-9DB5-36C9AEED9AFF}.Release|ARM.Build.0 = Release|x64
		{5F4B1BD4-C31B-44FC-9DB5-36C9AEED9AFF}.Release|ARM.Deploy.0 = Release|x64
		{5F4B1BD4-C31B-44FC-9DB5-36C9AEED9AFF}.Release|ARM64.ActiveCfg = Release|ARM64
		{5F4B1BD4-C31B-44FC-9DB5-36C9AEED9AFF}.Release|ARM64.Build.0 = Release|ARM64
		{5F4B1BD4-C31B-44FC-9DB5-36C9AEED9AFF}.Release|ARM64.Deploy.0 = Release|ARM64
		{5F4B1BD4-C31B-44FC-9DB5-36C9AEED9AFF}.Release|x64.ActiveCfg = Release|x64
		{5F4B1BD4-C31B-44FC-9DB5-36C9AEED9AFF}.Release|x64.Build.0 = Release|x64
		{5F4B1BD4-C31B-44FC-9DB5-36C9AEED9AFF}.Release|x64.Deploy.0 = Release|x64
		{5F4B1BD4-C31B-44FC-9DB5-36C9AEED9AFF}.Release|x86.ActiveCfg = Release|x64
		{5F4B1BD4-C31B-44FC-9DB5-36C9AEED9AFF}.Release|x86.Build.0 = Release|x64
		{5F4B1BD4-C31B-44FC-9DB5-36C9AEED9AFF}.Release|x86.Deploy.0 = Release|x64
		{025E9E9C-F0DF-4F40-B189-840E8F943862}.Debug|ARM.ActiveCfg = Debug|x64
		{025E9E9C-F0DF-4F40-B189-840E8F943862}.Debug|ARM.Build.0 = Debug|x64
		{025E9E9C-F0DF-4F40-B189-840E8F943862}.Debug|ARM.Deploy.0 = Debug|x64
		{025E9E9C-F0DF-4F40-B189-840E8F943862}.Debug|ARM64.ActiveCfg = Debug|ARM64
		{025E9E9C-F0DF-4F40-B189-840E8F943862}.Debug|ARM64.Build.0 = Debug|ARM64
		{025E9E9C-F0DF-4F40-B189-840E8F943862}.Debug|ARM64.Deploy.0 = Debug|ARM64
		{025E9E9C-F0DF-4F40-B189-840E8F943862}.Debug|x64.ActiveCfg = Debug|x64
		{025E9E9C-F0DF-4F40-B189-840E8F943862}.Debug|x64.Build.0 = Debug|x64
		{025E9E9C-F0DF-4F40-B189-840E8F943862}.Debug|x64.Deploy.0 = Debug|x64
		{025E9E9C-F0DF-4F40-B189-840E8F943862}.Debug|x86.ActiveCfg = Debug|x64
		{025E9E9C-F0DF-4F40-B189-840E8F943862}.Debug|x86.Build.0 = Debug|x64
		{025E9E9C-F0DF-4F40-B189-840E8F943862}.Debug|x86.Deploy.0 = Debug|x64
		{025E9E9C-F0DF-4F40-B189-840E8F943862}.Release|ARM.ActiveCfg = Release|x64
		{025E9E9C-F0DF-4F40-B189-840E8F943862}.Release|ARM.Build.0 = Release|x64
		{025E9E9C-F0DF-4F40-B189-840E8F943862}.Release|ARM.Deploy.0 = Release|x64
		{025E9E9C-F0DF-4F40-B189-840E8F943862}.Release|ARM64.ActiveCfg = Release|ARM64
		{025E9E9C-F0DF-4F40-B189-840E8F943862}.Release|ARM64.Build.0 = Release|ARM64
		{025E9E9C-F0DF-4F40-B189-840E8F943862}.Release|ARM64.Deploy.0 = Release|ARM64
		{025E9E9C-F0DF-4F40-B189-840E8F943862}.Release|x64.ActiveCfg = Release|x64
		{025E9E9C-F0DF-4F40-B189-840E8F943862}.Release|x64.Build.0 = Release|x64
		{025E9E9C-F0DF-4F40-B189-840E8F943862}.Release|x64.Deploy.0 = Release|x64
		{025E9E9C-F0DF-4F40-B189-840E8F943862}.Release|x86.ActiveCfg = Release|x64
		{025E9E9C-F0DF-4F40-B189-840E8F943862}.Release|x86.Build.0 = Release|x64
		{025E9E9C-F0DF-4F40-B189-840E8F943862}.Release|x86.Deploy.0 = Release|x64
		{4F14FDE3-0303-48F3-810A-273EE411CF49}.Debug|ARM.ActiveCfg = Debug|x64
		{4F14FDE3-0303-48F3-810A-273EE411CF49}.Debug|ARM.Build.0 = Debug|x64
		{4F14FDE3-0303-48F3-810A-273EE411CF49}.Debug|ARM.Deploy.0 = Debug|x64
		{4F14FDE3-0303-48F3-810A-273EE411CF49}.Debug|ARM64.ActiveCfg = Debug|ARM64
		{4F14FDE3-0303-48F3-810A-273EE411CF49}.Debug|ARM64.Build.0 = Debug|ARM64
		{4F14FDE3-0303-48F3-810A-273EE411CF49}.Debug|ARM64.Deploy.0 = Debug|ARM64
		{4F14FDE3-0303-48F3-810A-273EE411CF49}.Debug|x64.ActiveCfg = Debug|x64
		{4F14FDE3-0303-48F3-810A-273EE411CF49}.Debug|x64.Build.0 = Debug|x64
		{4F14FDE3-0303-48F3-810A-273EE411CF49}.Debug|x64.Deploy.0 = Debug|x64
		{4F14FDE3-0303-48F3-810A-273EE411CF49}.Debug|x86.ActiveCfg = Debug|x64
		{4F14FDE3-0303-48F3-810A-273EE411CF49}.Debug|x86.Build.0 = Debug|x64
		{4F14FDE3-0303-48F3-810A-273EE411CF49}.Debug|x86.Deploy.0 = Debug|x64
		{4F14FDE3-0303-48F3-810A-273EE411CF49}.Release|ARM.ActiveCfg = Release|x64
		{4F14FDE3-0303-48F3-810A-273EE411CF49}.Release|ARM.Build.0 = Release|x64
		{4F14FDE3-0303-48F3-810A-273EE411CF49}.Release|ARM.Deploy.0 = Release|x64
		{4F14FDE3-0303-48F3-810A-273EE411CF49}.Release|ARM64.ActiveCfg = Release|ARM64
		{4F14FDE3-0303-48F3-810A-273EE411CF49}.Release|ARM64.Build.0 = Release|ARM64
		{4F14FDE3-0303-48F3-810A-273EE411CF49}.Release|ARM64.Deploy.0 = Release|ARM64
		{4F14FDE3-0303-48F3-810A-273EE411CF49}.Release|x64.ActiveCfg = Release|x64
		{4F14FDE3-0303-48F3-810A-273EE411CF49}.Release|x64.Build.0 = Release|x64
		{4F14FDE3-0303-48F3-810A-273EE411CF49}.Release|x64.Deploy.0 = Release|x64
		{4F14FDE3-0303-48F3-810A-273EE411CF49}.Release|x86.ActiveCfg = Release|x64
		{4F14FDE3-0303-48F3-810A-273EE411CF49}.Release|x86.Build.0 = Release|x64
		{4F14FDE3-0303-48F3-810A-273EE411CF49}.Release|x86.Deploy.0 = Release|x64
		{72D06DC8-73CB-48C1-9E8F-D2A3A5FD470F}.Debug|ARM.ActiveCfg = Debug|x64
		{72D06DC8-73CB-48C1-9E8F-D2A3A5FD470F}.Debug|ARM.Build.0 = Debug|x64
		{72D06DC8-73CB-48C1-9E8F-D2A3A5FD470F}.Debug|ARM64.ActiveCfg = Debug|x64
		{72D06DC8-73CB-48C1-9E8F-D2A3A5FD470F}.Debug|ARM64.Build.0 = Debug|x64
		{72D06DC8-73CB-48C1-9E8F-D2A3A5FD470F}.Debug|x64.ActiveCfg = Debug|x64
		{72D06DC8-73CB-48C1-9E8F-D2A3A5FD470F}.Debug|x64.Build.0 = Debug|x64
		{72D06DC8-73CB-48C1-9E8F-D2A3A5FD470F}.Debug|x86.ActiveCfg = Debug|Win32
		{72D06DC8-73CB-48C1-9E8F-D2A3A5FD470F}.Debug|x86.Build.0 = Debug|Win32
		{72D06DC8-73CB-48C1-9E8F-D2A3A5FD470F}.Release|ARM.ActiveCfg = Release|x64
		{72D06DC8-73CB-48C1-9E8F-D2A3A5FD470F}.Release|ARM.Build.0 = Release|x64
		{72D06DC8-73CB-48C1-9E8F-D2A3A5FD470F}.Release|ARM64.ActiveCfg = Release|x64
		{72D06DC8-73CB-48C1-9E8F-D2A3A5FD470F}.Release|ARM64.Build.0 = Release|x64
		{72D06DC8-73CB-48C1-9E8F-D2A3A5FD470F}.Release|x64.ActiveCfg = Release|x64
		{72D06DC8-73CB-48C1-9E8F-D2A3A5FD470F}.Release|x64.Build.0 = Release|x64
		{72D06DC8-73CB-48C1-9E8F-D2A3A5FD470F}.Release|x86.ActiveCfg = Release|Win32
		{72D06DC8-73CB-48C1-9E8F-D2A3A5FD470F}.Release|x86.Build.0 = Release|Win32
		{00B8E25B-DD2A-4EDE-A407-79CDB488CAC8}.Debug|ARM.ActiveCfg = Debug|x64
		{00B8E25B-DD2A-4EDE-A407-79CDB488CAC8}.Debug|ARM.Build.0 = Debug|x64
		{00B8E25B-DD2A-4EDE-A407-79CDB488CAC8}.Debug|ARM64.ActiveCfg = Debug|x64
		{00B8E25B-DD2A-4EDE-A407-79CDB488CAC8}.Debug|ARM64.Build.0 = Debug|x64
		{00B8E25B-DD2A-4EDE-A407-79CDB488CAC8}.Debug|x64.ActiveCfg = Debug|x64
		{00B8E25B-DD2A-4EDE-A407-79CDB488CAC8}.Debug|x64.Build.0 = Debug|x64
		{00B8E25B-DD2A-4EDE-A407-79CDB488CAC8}.Debug|x86.ActiveCfg = Debug|Win32
		{00B8E25B-DD2A-4EDE-A407-79CDB488CAC8}.Debug|x86.Build.0 = Debug|Win32
		{00B8E25B-DD2A-4EDE-A407-79CDB488CAC8}.Release|ARM.ActiveCfg = Release|x64
		{00B8E25B-DD2A-4EDE-A407-79CDB488CAC8}.Release|ARM.Build.0 = Release|x64
		{00B8E25B-DD2A-4EDE-A407-79CDB488CAC8}.Release|ARM64.ActiveCfg = Release|x64
		{00B8E25B-DD2A-4EDE-A407-79CDB488CAC8}.Release|ARM64.Build.0 = Release|x64
		{00B8E25B-DD2A-4EDE-A407-79CDB488CAC8}.Release|x64.ActiveCfg = Release|x64
		{00B8E25B-DD2A-4EDE-A407-79CDB488CAC8}.Release|x64.Build.0 = Release|x64
		{00B8E25B-DD2A-4EDE-A407-79CDB488CAC8}.Release|x86.ActiveCfg = Release|Win32
		{00B8E25B-DD2A-4EDE-A407-79CDB488CAC8}.Release|x86.Build.0 = Release|Win32
		{E945CF39-2E2B-4485-9CD4-4E44A5FDE50F}.Debug|ARM.ActiveCfg = Debug|x64
		{E945CF39-2E2B-4485-9CD4-4E44A5FDE50F}.Debug|ARM.Build.0 = Debug|x64
		{E945CF39-2E2B-4485-9CD4-4E44A5FDE50F}.Debug|ARM64.ActiveCfg = Debug|x64
		{E945CF39-2E2B-4485-9CD4-4E44A5FDE50F}.Debug|ARM64.Build.0 = Debug|x64
		{E945CF39-2E2B-4485-9CD4-4E44A5FDE50F}.Debug|x64.ActiveCfg = Debug|x64
		{E945CF39-2E2B-4485-9CD4-4E44A5FDE50F}.Debug|x64.Build.0 = Debug|x64
		{E945CF39-2E2B-4485-9CD4-4E44A5FDE50F}.Debug|x86.ActiveCfg = Debug|Win32
		{E945CF39-2E2B-4485-9CD4-4E44A5FDE50F}.Debug|x86.Build.0 = Debug|Win32
		{E945CF39-2E2B-4485-9CD4-4E44A5FDE50F}.Release|ARM.ActiveCfg = Release|x64
		{E945CF39-2E2B-4485-9CD4-4E44A5FDE50F}.Release|ARM.Build.0 = Release|x64
		{E945CF39-2E2B-4485-9CD4-4E44A5FDE50F}.Release|ARM64.ActiveCfg = Release|x64
		{E945CF39-2E2B-4485-9CD4-4E44A5FDE50F}.Release|ARM64.Build.0 = Release|x64
		{E945CF39-2E2B-4485-9CD4-4E44A5FDE50F}.Release|x64.ActiveCfg = Release|x64
		{E945CF39-2E2B-4485-9CD4-4E44A5FDE50F}.Release|x64.Build.0 = Release|x64
		{E945CF39-2E2B-4485-9CD4-4E44A5FDE50F}.Release|x86.ActiveCfg = Release|Win32
		{E945CF39-2E2B-4485-9CD4-4E44A5FDE50F}.Release|x86.Build.0 = Release|Win32
		{0BBEEF9C-791B-405A-B00D-20DD625C6978}.Debug|ARM.ActiveCfg = Debug|x64
		{0BBEEF9C-791B-405A-B00D-20DD625C6978}.Debug|ARM.Build.0 = Debug|x64
		{0BBEEF9C-791B-405A-B00D-20DD625C6978}.Debug|ARM.Deploy.0 = Debug|x64
		{0BBEEF9C-791B-405A-B00D-20DD625C6978}.Debug|ARM64.ActiveCfg = Debug|ARM64
		{0BBEEF9C-791B-405A-B00D-20DD625C6978}.Debug|ARM64.Build.0 = Debug|ARM64
		{0BBEEF9C-791B-405A-B00D-20DD625C6978}.Debug|ARM64.Deploy.0 = Debug|ARM64
		{0BBEEF9C-791B-405A-B00D-20DD625C6978}.Debug|x64.ActiveCfg = Debug|x64
		{0BBEEF9C-791B-405A-B00D-20DD625C6978}.Debug|x64.Build.0 = Debug|x64
		{0BBEEF9C-791B-405A-B00D-20DD625C6978}.Debug|x64.Deploy.0 = Debug|x64
		{0BBEEF9C-791B-405A-B00D-20DD625C6978}.Debug|x86.ActiveCfg = Debug|x64
		{0BBEEF9C-791B-405A-B00D-20DD625C6978}.Debug|x86.Build.0 = Debug|x64
		{0BBEEF9C-791B-405A-B00D-20DD625C6978}.Debug|x86.Deploy.0 = Debug|x64
		{0BBEEF9C-791B-405A-B00D-20DD625C6978}.Release|ARM.ActiveCfg = Release|x64
		{0BBEEF9C-791B-405A-B00D-20DD625C6978}.Release|ARM.Build.0 = Release|x64
		{0BBEEF9C-791B-405A-B00D-20DD625C6978}.Release|ARM.Deploy.0 = Release|x64
		{0BBEEF9C-791B-405A-B00D-20DD625C6978}.Release|ARM64.ActiveCfg = Release|ARM64
		{0BBEEF9C-791B-405A-B00D-20DD625C6978}.Release|ARM64.Build.0 = Release|ARM64
		{0BBEEF9C-791B-405A-B00D-20DD625C6978}.Release|ARM64.Deploy.0 = Release|ARM64
		{0BBEEF9C-791B-405A-B00D-20DD625C6978}.Release|x64.ActiveCfg = Release|x64
		{0BBEEF9C-791B-405A-B00D-20DD625C6978}.Release|x64.Build.0 = Release|x64
		{0BBEEF9C-791B-405A-B00D-20DD625C6978}.Release|x64.Deploy.0 = Release|x64
		{0BBEEF9C-791B-405A-B00D-20DD625C6978}.Release|x86.ActiveCfg = Release|x64
		{0BBEEF9C-791B-405A-B00D-20DD625C6978}.Release|x86.Build.0 = Release|x64
		{0BBEEF9C-791B-405A-B00D-20DD625C6978}.Release|x86.Deploy.0 = Release|x64
		{2DCD93F7-1276-4176-9F44-337052B64F6E}.Debug|ARM.ActiveCfg = Debug|x64
		{2DCD93F7-1276-4176-9F44-337052B64F6E}.Debug|ARM.Build.0 = Debug|x64
		{2DCD93F7-1276-4176-9F44-337052B64F6E}.Debug|ARM64.ActiveCfg = Debug|x64
		{2DCD93F7-1276-4176-9F44-337052B64F6E}.Debug|ARM64.Build.0 = Debug|x64
		{2DCD93F7-1276-4176-9F44-337052B64F6E}.Debug|x64.ActiveCfg = Debug|x64
		{2DCD93F7-1276-4176-9F44-337052B64F6E}.Debug|x64.Build.0 = Debug|x64
		{2DCD93F7-1276-4176-9F44-337052B64F6E}.Debug|x86.ActiveCfg = Debug|Win32
		{2DCD93F7-1276-4176-9F44-337052B64F6E}.Debug|x86.Build.0 = Debug|Win32
		{2DCD93F7-1276-4176-9F44-337052B64F6E}.Release|ARM.ActiveCfg = Release|x64
		{2DCD93F7-1276-4176-9F44-337052B64F6E}.Release|ARM.Build.0 = Release|x64
		{2DCD93F7-1276-4176-9F44-337052B64F6E}.Release|ARM64.ActiveCfg = Release|x64
		{2DCD93F7-1276-4176-9F44-337052B64F6E}.Release|ARM64.Build.0 = Release|x64
		{2DCD93F7-1276-4176-9F44-337052B64F6E}.Release|x64.ActiveCfg = Release|x64
		{2DCD93F7-1276-4176-9F44-337052B64F6E}.Release|x64.Build.0 = Release|x64
		{2DCD93F7-1276-4176-9F44-337052B64F6E}.Release|x86.ActiveCfg = Release|Win32
		{2DCD93F7-1276-4176-9F44-337052B64F6E}.Release|x86.Build.0 = Release|Win32
		{57511441-170A-4D90-8130-4ABD32FC9838}.Debug|ARM.ActiveCfg = Debug|x64
		{57511441-170A-4D90-8130-4ABD32FC9838}.Debug|ARM.Build.0 = Debug|x64
		{57511441-170A-4D90-8130-4ABD32FC9838}.Debug|ARM64.ActiveCfg = Debug|x64
		{57511441-170A-4D90-8130-4ABD32FC9838}.Debug|ARM64.Build.0 = Debug|x64
		{57511441-170A-4D90-8130-4ABD32FC9838}.Debug|x64.ActiveCfg = Debug|x64
		{57511441-170A-4D90-8130-4ABD32FC9838}.Debug|x64.Build.0 = Debug|x64
		{57511441-170A-4D90-8130-4ABD32FC9838}.Debug|x86.ActiveCfg = Debug|Win32
		{57511441-170A-4D90-8130-4ABD32FC9838}.Debug|x86.Build.0 = Debug|Win32
		{57511441-170A-4D90-8130-4ABD32FC9838}.Release|ARM.ActiveCfg = Release|x64
		{57511441-170A-4D90-8130-4ABD32FC9838}.Release|ARM.Build.0 = Release|x64
		{57511441-170A-4D90-8130-4ABD32FC9838}.Release|ARM64.ActiveCfg = Release|x64
		{57511441-170A-4D90-8130-4ABD32FC9838}.Release|ARM64.Build.0 = Release|x64
		{57511441-170A-4D90-8130-4ABD32FC9838}.Release|x64.ActiveCfg = Release|x64
		{57511441-170A-4D90-8130-4ABD32FC9838}.Release|x64.Build.0 = Release|x64
		{57511441-170A-4D90-8130-4ABD32FC9838}.Release|x86.ActiveCfg = Release|Win32
		{57511441-170A-4D90-8130-4ABD32FC9838}.Release|x86.Build.0 = Release|Win32
		{CE86AA63-7BB1-42C3-9863-012FC1E84D36}.Debug|ARM.ActiveCfg = Debug|ARM
		{CE86AA63-7BB1-42C3-9863-012FC1E84D36}.Debug|ARM.Build.0 = Debug|ARM
		{CE86AA63-7BB1-42C3-9863-012FC1E84D36}.Debug|ARM.Deploy.0 = Debug|ARM
		{CE86AA63-7BB1-42C3-9863-012FC1E84D36}.Debug|ARM64.ActiveCfg = Debug|ARM64
		{CE86AA63-7BB1-42C3-9863-012FC1E84D36}.Debug|ARM64.Build.0 = Debug|ARM64
		{CE86AA63-7BB1-42C3-9863-012FC1E84D36}.Debug|ARM64.Deploy.0 = Debug|ARM64
		{CE86AA63-7BB1-42C3-9863-012FC1E84D36}.Debug|x64.ActiveCfg = Debug|x64
		{CE86AA63-7BB1-42C3-9863-012FC1E84D36}.Debug|x64.Build.0 = Debug|x64
		{CE86AA63-7BB1-42C3-9863-012FC1E84D36}.Debug|x64.Deploy.0 = Debug|x64
		{CE86AA63-7BB1-42C3-9863-012FC1E84D36}.Debug|x86.ActiveCfg = Debug|Win32
		{CE86AA63-7BB1-42C3-9863-012FC1E84D36}.Debug|x86.Build.0 = Debug|Win32
		{CE86AA63-7BB1-42C3-9863-012FC1E84D36}.Debug|x86.Deploy.0 = Debug|Win32
		{CE86AA63-7BB1-42C3-9863-012FC1E84D36}.Release|ARM.ActiveCfg = Release|ARM
		{CE86AA63-7BB1-42C3-9863-012FC1E84D36}.Release|ARM.Build.0 = Release|ARM
		{CE86AA63-7BB1-42C3-9863-012FC1E84D36}.Release|ARM.Deploy.0 = Release|ARM
		{CE86AA63-7BB1-42C3-9863-012FC1E84D36}.Release|ARM64.ActiveCfg = Release|ARM64
		{CE86AA63-7BB1-42C3-9863-012FC1E84D36}.Release|ARM64.Build.0 = Release|ARM64
		{CE86AA63-7BB1-42C3-9863-012FC1E84D36}.Release|ARM64.Deploy.0 = Release|ARM64
		{CE86AA63-7BB1-42C3-9863-012FC1E84D36}.Release|x64.ActiveCfg = Release|x64
		{CE86AA63-7BB1-42C3-9863-012FC1E84D36}.Release|x64.Build.0 = Release|x64
		{CE86AA63-7BB1-42C3-9863-012FC1E84D36}.Release|x64.Deploy.0 = Release|x64
		{CE86AA63-7BB1-42C3-9863-012FC1E84D36}.Release|x86.ActiveCfg = Release|Win32
		{CE86AA63-7BB1-42C3-9863-012FC1E84D36}.Release|x86.Build.0 = Release|Win32
		{CE86AA63-7BB1-42C3-9863-012FC1E84D36}.Release|x86.Deploy.0 = Release|Win32
	EndGlobalSection
	GlobalSection(SolutionProperties) = preSolution
		HideSolutionNode = FALSE
	EndGlobalSection
	GlobalSection(ExtensibilityGlobals) = postSolution
		SolutionGuid = {26EF3C64-AF0E-4CD8-B49A-22CB2978E050}
	EndGlobalSection
EndGlobal
